// !$*UTF8*$!
{
	archiveVersion = 1;
	classes = {
	};
	objectVersion = 46;
	objects = {

/* Begin PBXAggregateTarget section */
		EDA08FBE2C53AEFCB4CA4AB5 /* shredverb - All */ = {
			isa = PBXAggregateTarget;
			buildConfigurationList = 65CD1FA4E781EB83D032B01E /* Build configuration list for PBXAggregateTarget "shredverb - All" */;
			buildPhases = (
			);
			dependencies = (
				17A848F7751188C09F16FF4C /* PBXTargetDependency */,
				03F6B7BC3387BEAE3B81E0EC /* PBXTargetDependency */,
				05330D02940B62B6839EE810 /* PBXTargetDependency */,
				4CBC78048FA541B53527F2A1 /* PBXTargetDependency */,
			);
			name = "shredverb - All";
			productName = shredverb;
		};
/* End PBXAggregateTarget section */

/* Begin PBXBuildFile section */
		0B9F1506B272DF09AF64824D /* include_juce_audio_basics.mm in Sources */ = {isa = PBXBuildFile; fileRef = 46C57B53C46B0354F4ACB5DC /* include_juce_audio_basics.mm */; };
		0D2421204CECCDF5E262EFB5 /* Foundation.framework in Frameworks */ = {isa = PBXBuildFile; fileRef = 5CD49C0B351905B10076DFB3 /* Foundation.framework */; };
		0D382321F5C34CA8F06A8039 /* include_juce_data_structures.mm in Sources */ = {isa = PBXBuildFile; fileRef = FC7ECAAEBD6B62062D6288DC /* include_juce_data_structures.mm */; };
		0D8DAED215FA33E6BAF2BCB9 /* QuartzCore.framework in Frameworks */ = {isa = PBXBuildFile; fileRef = AB5C941A96B00081F8D577AE /* QuartzCore.framework */; };
		0D98CD69AB27AD9F8FEDB284 /* include_juce_audio_plugin_client_Standalone.cpp in Sources */ = {isa = PBXBuildFile; fileRef = D5E8CCD70D5F901D520C91E5 /* include_juce_audio_plugin_client_Standalone.cpp */; };
		1421911607EEA4EAB5770B41 /* include_juce_audio_processors_lv2_libs.cpp in Sources */ = {isa = PBXBuildFile; fileRef = DFE26571D5F4F67811A2FDCD /* include_juce_audio_processors_lv2_libs.cpp */; };
		14C78970BCE5A96E76C423F7 /* include_juce_gui_basics.mm in Sources */ = {isa = PBXBuildFile; fileRef = 9EED2056A9D9F70A8B4A01FE /* include_juce_gui_basics.mm */; };
		1AC8ED1B49F7B5640E467112 /* CoreAudioKit.framework in Frameworks */ = {isa = PBXBuildFile; fileRef = 6F846E7D170031C91FCB03C4 /* CoreAudioKit.framework */; };
		1EF31BA60458BBF260D4AF62 /* include_juce_audio_plugin_client_AU.r in Rez */ = {isa = PBXBuildFile; fileRef = 65FB47CAC46E3B30C5A596AE /* include_juce_audio_plugin_client_AU.r */; };
		2AFF4D8F516A194CE4B618B2 /* Accelerate.framework in Frameworks */ = {isa = PBXBuildFile; fileRef = 9A406D62D3E058E51DD6BA14 /* Accelerate.framework */; };
		35F36002D8BD648B077856AE /* include_juce_audio_processors_ara.cpp in Sources */ = {isa = PBXBuildFile; fileRef = 2954AB4C303AF29A7CC10253 /* include_juce_audio_processors_ara.cpp */; };
		367E45A1F41EE09C42FE2438 /* include_juce_core.mm in Sources */ = {isa = PBXBuildFile; fileRef = 2F633E9BB23806AF54684371 /* include_juce_core.mm */; };
		3938E8CF187A9458696A6C36 /* include_juce_graphics.mm in Sources */ = {isa = PBXBuildFile; fileRef = C2E7B0FF3F7E50FFE6C6E477 /* include_juce_graphics.mm */; };
		5BC00CFA2CAD539CF1C2BA90 /* include_juce_events.mm in Sources */ = {isa = PBXBuildFile; fileRef = F6405CA548DACA548D47B7F5 /* include_juce_events.mm */; };
		5C84F6F2E54A35E7AB1C5FD3 /* RecentFilesMenuTemplate.nib in Resources */ = {isa = PBXBuildFile; fileRef = 4EC99F2303A9F41A98BD7E52 /* RecentFilesMenuTemplate.nib */; };
		6701038717D073B3E293476C /* include_juce_gui_extra.mm in Sources */ = {isa = PBXBuildFile; fileRef = 0346E52C171E417A3CF01035 /* include_juce_gui_extra.mm */; };
		702D63021218AD3A8966E152 /* include_juce_audio_utils.mm in Sources */ = {isa = PBXBuildFile; fileRef = 1122625D4565CE230F2F4B47 /* include_juce_audio_utils.mm */; };
		7106C69C3ABDE96DD027758D /* WebKit.framework in Frameworks */ = {isa = PBXBuildFile; fileRef = 76CCF6B4988387B5A85FC417 /* WebKit.framework */; };
		73F973AF2DF5031DDF157039 /* PluginEditor.cpp in Sources */ = {isa = PBXBuildFile; fileRef = A3F202A788F8A5F64AB61C6E /* PluginEditor.cpp */; };
		79D7EF8DAFF1493F2B0A79BA /* IOKit.framework in Frameworks */ = {isa = PBXBuildFile; fileRef = 8F9F53CAD772237406ACC35C /* IOKit.framework */; };
		7E08F87636726065F53F4CE5 /* include_juce_audio_plugin_client_VST_utils.mm in Sources */ = {isa = PBXBuildFile; fileRef = 64181D959AB30445664B327A /* include_juce_audio_plugin_client_VST_utils.mm */; };
		81D7B19C856F22887E48CF83 /* include_juce_audio_plugin_client_utils.cpp in Sources */ = {isa = PBXBuildFile; fileRef = A56252FD92A4F474E4A1DB30 /* include_juce_audio_plugin_client_utils.cpp */; };
		83DB24B29F458AA5CC96E159 /* PluginProcessor.cpp in Sources */ = {isa = PBXBuildFile; fileRef = 5BDF1BDF88A7E57AFC63E167 /* PluginProcessor.cpp */; };
		8823F63CF0EE500E51DEBC97 /* Cocoa.framework in Frameworks */ = {isa = PBXBuildFile; fileRef = 01512312FD78DE49C2F73A86 /* Cocoa.framework */; };
		8B7FE778C563830536D777B1 /* CoreMIDI.framework in Frameworks */ = {isa = PBXBuildFile; fileRef = B0519FC83AA8882234C7C6C8 /* CoreMIDI.framework */; };
		A7EE5FE7990ED42FF3AACE85 /* CoreAudio.framework in Frameworks */ = {isa = PBXBuildFile; fileRef = 0381F71E76D2F413CDD998F3 /* CoreAudio.framework */; };
		B6BDAC7B6CC7709A7C33DF5F /* include_juce_audio_formats.mm in Sources */ = {isa = PBXBuildFile; fileRef = A1D3BD59582B6988323B239E /* include_juce_audio_formats.mm */; };
		BC342A186F570332BA5322B3 /* include_juce_audio_processors.mm in Sources */ = {isa = PBXBuildFile; fileRef = 23C7558B1D08A723072943C0 /* include_juce_audio_processors.mm */; };
		CF244996348D90D80EE4EA93 /* include_juce_audio_devices.mm in Sources */ = {isa = PBXBuildFile; fileRef = 12DE59723EC45C2BD5F5DFC0 /* include_juce_audio_devices.mm */; };
		D23FEEBDD02158C6CEE94591 /* include_juce_audio_plugin_client_AU_2.mm in Sources */ = {isa = PBXBuildFile; fileRef = 411A0B0C59449BE36F087DF2 /* include_juce_audio_plugin_client_AU_2.mm */; };
		D4C93BD83A5BCB93829A9E9E /* include_juce_audio_plugin_client_ARA.cpp in Sources */ = {isa = PBXBuildFile; fileRef = 507003E38B9DCDFF87B4B651 /* include_juce_audio_plugin_client_ARA.cpp */; };
		DC1F10C5293DB419000120E5 /* RecentFilesMenuTemplate.nib in Resources */ = {isa = PBXBuildFile; fileRef = 4EC99F2303A9F41A98BD7E52 /* RecentFilesMenuTemplate.nib */; };
		DC1F10C6293DB419000120E5 /* Accelerate.framework in Frameworks */ = {isa = PBXBuildFile; fileRef = 9A406D62D3E058E51DD6BA14 /* Accelerate.framework */; };
		DC1F10C7293DB419000120E5 /* AudioToolbox.framework in Frameworks */ = {isa = PBXBuildFile; fileRef = 43C1EBD96D92AC4A1B9CAE96 /* AudioToolbox.framework */; };
		DC1F10C8293DB419000120E5 /* Cocoa.framework in Frameworks */ = {isa = PBXBuildFile; fileRef = 01512312FD78DE49C2F73A86 /* Cocoa.framework */; };
		DC1F10C9293DB419000120E5 /* CoreAudio.framework in Frameworks */ = {isa = PBXBuildFile; fileRef = 0381F71E76D2F413CDD998F3 /* CoreAudio.framework */; };
		DC1F10CA293DB419000120E5 /* CoreAudioKit.framework in Frameworks */ = {isa = PBXBuildFile; fileRef = 6F846E7D170031C91FCB03C4 /* CoreAudioKit.framework */; };
		DC1F10CB293DB419000120E5 /* CoreMIDI.framework in Frameworks */ = {isa = PBXBuildFile; fileRef = B0519FC83AA8882234C7C6C8 /* CoreMIDI.framework */; };
		DC1F10CC293DB419000120E5 /* DiscRecording.framework in Frameworks */ = {isa = PBXBuildFile; fileRef = 6CB39A1FC48936E6CE3E64F9 /* DiscRecording.framework */; };
		DC1F10CD293DB419000120E5 /* Foundation.framework in Frameworks */ = {isa = PBXBuildFile; fileRef = 5CD49C0B351905B10076DFB3 /* Foundation.framework */; };
		DC1F10CE293DB419000120E5 /* IOKit.framework in Frameworks */ = {isa = PBXBuildFile; fileRef = 8F9F53CAD772237406ACC35C /* IOKit.framework */; };
		DC1F10CF293DB419000120E5 /* QuartzCore.framework in Frameworks */ = {isa = PBXBuildFile; fileRef = AB5C941A96B00081F8D577AE /* QuartzCore.framework */; };
		DC1F10D0293DB419000120E5 /* WebKit.framework in Frameworks */ = {isa = PBXBuildFile; fileRef = 76CCF6B4988387B5A85FC417 /* WebKit.framework */; };
		DC1F10D1293DB419000120E5 /* RecentFilesMenuTemplate.nib in Resources */ = {isa = PBXBuildFile; fileRef = 4EC99F2303A9F41A98BD7E52 /* RecentFilesMenuTemplate.nib */; };
		DC1F10D2293DB419000120E5 /* Accelerate.framework in Frameworks */ = {isa = PBXBuildFile; fileRef = 9A406D62D3E058E51DD6BA14 /* Accelerate.framework */; };
		DC1F10D3293DB419000120E5 /* AudioToolbox.framework in Frameworks */ = {isa = PBXBuildFile; fileRef = 43C1EBD96D92AC4A1B9CAE96 /* AudioToolbox.framework */; };
		DC1F10D4293DB419000120E5 /* Cocoa.framework in Frameworks */ = {isa = PBXBuildFile; fileRef = 01512312FD78DE49C2F73A86 /* Cocoa.framework */; };
		DC1F10D5293DB419000120E5 /* CoreAudio.framework in Frameworks */ = {isa = PBXBuildFile; fileRef = 0381F71E76D2F413CDD998F3 /* CoreAudio.framework */; };
		DC1F10D6293DB419000120E5 /* CoreAudioKit.framework in Frameworks */ = {isa = PBXBuildFile; fileRef = 6F846E7D170031C91FCB03C4 /* CoreAudioKit.framework */; };
		DC1F10D7293DB419000120E5 /* CoreMIDI.framework in Frameworks */ = {isa = PBXBuildFile; fileRef = B0519FC83AA8882234C7C6C8 /* CoreMIDI.framework */; };
		DC1F10D8293DB419000120E5 /* DiscRecording.framework in Frameworks */ = {isa = PBXBuildFile; fileRef = 6CB39A1FC48936E6CE3E64F9 /* DiscRecording.framework */; };
		DC1F10D9293DB419000120E5 /* Foundation.framework in Frameworks */ = {isa = PBXBuildFile; fileRef = 5CD49C0B351905B10076DFB3 /* Foundation.framework */; };
		DC1F10DA293DB419000120E5 /* IOKit.framework in Frameworks */ = {isa = PBXBuildFile; fileRef = 8F9F53CAD772237406ACC35C /* IOKit.framework */; };
		DC1F10DB293DB419000120E5 /* QuartzCore.framework in Frameworks */ = {isa = PBXBuildFile; fileRef = AB5C941A96B00081F8D577AE /* QuartzCore.framework */; };
		DC1F10DC293DB419000120E5 /* WebKit.framework in Frameworks */ = {isa = PBXBuildFile; fileRef = 76CCF6B4988387B5A85FC417 /* WebKit.framework */; };
		DFFA855B9B13C14F47311F1A /* include_juce_audio_plugin_client_VST3.cpp in Sources */ = {isa = PBXBuildFile; fileRef = ADB6D0062B7310F7B89197D1 /* include_juce_audio_plugin_client_VST3.cpp */; };
		E46BB6B1F75C6C069A246AA2 /* AudioToolbox.framework in Frameworks */ = {isa = PBXBuildFile; fileRef = 43C1EBD96D92AC4A1B9CAE96 /* AudioToolbox.framework */; };
		E5B9B4E446A17A441754CDFF /* DiscRecording.framework in Frameworks */ = {isa = PBXBuildFile; fileRef = 6CB39A1FC48936E6CE3E64F9 /* DiscRecording.framework */; };
		FA760A906F8C4F62E3FD84FA /* AudioUnit.framework in Frameworks */ = {isa = PBXBuildFile; fileRef = 8E36FA092F3C15698B04BC65 /* AudioUnit.framework */; };
		FED486E77FFCDE94887927BC /* include_juce_audio_plugin_client_AU_1.mm in Sources */ = {isa = PBXBuildFile; fileRef = 5AF1164FB77603078DF4C7A2 /* include_juce_audio_plugin_client_AU_1.mm */; };
/* End PBXBuildFile section */

/* Begin PBXContainerItemProxy section */
		DC1F10DD293DB41A000120E5 /* PBXContainerItemProxy */ = {
			isa = PBXContainerItemProxy;
			containerPortal = 7038CD826D71CD0BC8DF003C /* Project object */;
			proxyType = 1;
			remoteGlobalIDString = 3184B9002C75EDA52A67057B;
			remoteInfo = "shredverb - VST3";
		};
		DC1F10DE293DB41A000120E5 /* PBXContainerItemProxy */ = {
			isa = PBXContainerItemProxy;
			containerPortal = 7038CD826D71CD0BC8DF003C /* Project object */;
			proxyType = 1;
			remoteGlobalIDString = 872A803D26EF0C186FA4F548;
			remoteInfo = "shredverb - AU";
		};
		DC1F10DF293DB41A000120E5 /* PBXContainerItemProxy */ = {
			isa = PBXContainerItemProxy;
			containerPortal = 7038CD826D71CD0BC8DF003C /* Project object */;
			proxyType = 1;
			remoteGlobalIDString = 0DA6F04EDD0EA9D6E1E1225C;
			remoteInfo = "shredverb - Standalone Plugin";
		};
		DC1F10E0293DB41A000120E5 /* PBXContainerItemProxy */ = {
			isa = PBXContainerItemProxy;
			containerPortal = 7038CD826D71CD0BC8DF003C /* Project object */;
			proxyType = 1;
			remoteGlobalIDString = E8C1B3A2BB734902DA13D346;
			remoteInfo = "shredverb - Shared Code";
		};
		DC1F10E1293DB41A000120E5 /* PBXContainerItemProxy */ = {
			isa = PBXContainerItemProxy;
			containerPortal = 7038CD826D71CD0BC8DF003C /* Project object */;
			proxyType = 1;
			remoteGlobalIDString = E8C1B3A2BB734902DA13D346;
			remoteInfo = "shredverb - Shared Code";
		};
		DC1F10E2293DB41A000120E5 /* PBXContainerItemProxy */ = {
			isa = PBXContainerItemProxy;
			containerPortal = 7038CD826D71CD0BC8DF003C /* Project object */;
			proxyType = 1;
			remoteGlobalIDString = E8C1B3A2BB734902DA13D346;
			remoteInfo = "shredverb - Shared Code";
		};
		DC1F10E3293DB41A000120E5 /* PBXContainerItemProxy */ = {
			isa = PBXContainerItemProxy;
			containerPortal = 7038CD826D71CD0BC8DF003C /* Project object */;
			proxyType = 1;
			remoteGlobalIDString = E8C1B3A2BB734902DA13D346;
			remoteInfo = "shredverb - Shared Code";
		};
/* End PBXContainerItemProxy section */

/* Begin PBXFileReference section */
		01512312FD78DE49C2F73A86 /* Cocoa.framework */ = {isa = PBXFileReference; lastKnownFileType = wrapper.framework; name = Cocoa.framework; path = System/Library/Frameworks/Cocoa.framework; sourceTree = SDKROOT; };
		0346E52C171E417A3CF01035 /* include_juce_gui_extra.mm */ = {isa = PBXFileReference; lastKnownFileType = sourcecode.cpp.objcpp; name = include_juce_gui_extra.mm; path = ../../JuceLibraryCode/include_juce_gui_extra.mm; sourceTree = SOURCE_ROOT; };
		0381F71E76D2F413CDD998F3 /* CoreAudio.framework */ = {isa = PBXFileReference; lastKnownFileType = wrapper.framework; name = CoreAudio.framework; path = System/Library/Frameworks/CoreAudio.framework; sourceTree = SDKROOT; };
		0A3C43F547F9F43A218B0FA6 /* juce_audio_formats */ = {isa = PBXFileReference; lastKnownFileType = folder; name = juce_audio_formats; path = /Applications/JUCE/modules/juce_audio_formats; sourceTree = "<absolute>"; };
		0C2631CAEAD61B9FB6480593 /* nvs_LFO.h */ = {isa = PBXFileReference; lastKnownFileType = sourcecode.c.h; name = nvs_LFO.h; path = ../../../../../../development/gitstuff/nkvdu_libraries/include/nvs_LFO.h; sourceTree = SOURCE_ROOT; };
		1122625D4565CE230F2F4B47 /* include_juce_audio_utils.mm */ = {isa = PBXFileReference; lastKnownFileType = sourcecode.cpp.objcpp; name = include_juce_audio_utils.mm; path = ../../JuceLibraryCode/include_juce_audio_utils.mm; sourceTree = SOURCE_ROOT; };
		12DE59723EC45C2BD5F5DFC0 /* include_juce_audio_devices.mm */ = {isa = PBXFileReference; lastKnownFileType = sourcecode.cpp.objcpp; name = include_juce_audio_devices.mm; path = ../../JuceLibraryCode/include_juce_audio_devices.mm; sourceTree = SOURCE_ROOT; };
		23C7558B1D08A723072943C0 /* include_juce_audio_processors.mm */ = {isa = PBXFileReference; lastKnownFileType = sourcecode.cpp.objcpp; name = include_juce_audio_processors.mm; path = ../../JuceLibraryCode/include_juce_audio_processors.mm; sourceTree = SOURCE_ROOT; };
		2954AB4C303AF29A7CC10253 /* include_juce_audio_processors_ara.cpp */ = {isa = PBXFileReference; lastKnownFileType = sourcecode.cpp.cpp; name = include_juce_audio_processors_ara.cpp; path = ../../JuceLibraryCode/include_juce_audio_processors_ara.cpp; sourceTree = SOURCE_ROOT; };
		2F633E9BB23806AF54684371 /* include_juce_core.mm */ = {isa = PBXFileReference; lastKnownFileType = sourcecode.cpp.objcpp; name = include_juce_core.mm; path = ../../JuceLibraryCode/include_juce_core.mm; sourceTree = SOURCE_ROOT; };
		3423536D035634798E376332 /* shredverb.app */ = {isa = PBXFileReference; explicitFileType = wrapper.application; includeInIndex = 0; path = shredverb.app; sourceTree = BUILT_PRODUCTS_DIR; };
		411A0B0C59449BE36F087DF2 /* include_juce_audio_plugin_client_AU_2.mm */ = {isa = PBXFileReference; lastKnownFileType = sourcecode.cpp.objcpp; name = include_juce_audio_plugin_client_AU_2.mm; path = ../../JuceLibraryCode/include_juce_audio_plugin_client_AU_2.mm; sourceTree = SOURCE_ROOT; };
		43C1EBD96D92AC4A1B9CAE96 /* AudioToolbox.framework */ = {isa = PBXFileReference; lastKnownFileType = wrapper.framework; name = AudioToolbox.framework; path = System/Library/Frameworks/AudioToolbox.framework; sourceTree = SDKROOT; };
		469FCAD22135F41A4E2FED3B /* shredverb.vst3 */ = {isa = PBXFileReference; explicitFileType = wrapper.cfbundle; includeInIndex = 0; path = shredverb.vst3; sourceTree = BUILT_PRODUCTS_DIR; };
		46C57B53C46B0354F4ACB5DC /* include_juce_audio_basics.mm */ = {isa = PBXFileReference; lastKnownFileType = sourcecode.cpp.objcpp; name = include_juce_audio_basics.mm; path = ../../JuceLibraryCode/include_juce_audio_basics.mm; sourceTree = SOURCE_ROOT; };
		4EC99F2303A9F41A98BD7E52 /* RecentFilesMenuTemplate.nib */ = {isa = PBXFileReference; lastKnownFileType = file.nib; path = RecentFilesMenuTemplate.nib; sourceTree = SOURCE_ROOT; };
		507003E38B9DCDFF87B4B651 /* include_juce_audio_plugin_client_ARA.cpp */ = {isa = PBXFileReference; lastKnownFileType = sourcecode.cpp.cpp; name = include_juce_audio_plugin_client_ARA.cpp; path = ../../JuceLibraryCode/include_juce_audio_plugin_client_ARA.cpp; sourceTree = SOURCE_ROOT; };
		52A14368183BC24FD4D96544 /* juce_data_structures */ = {isa = PBXFileReference; lastKnownFileType = folder; name = juce_data_structures; path = /Applications/JUCE/modules/juce_data_structures; sourceTree = "<absolute>"; };
		547B476670617097C7BD7A39 /* juce_graphics */ = {isa = PBXFileReference; lastKnownFileType = folder; name = juce_graphics; path = /Applications/JUCE/modules/juce_graphics; sourceTree = "<absolute>"; };
		586AADA1F360542C9309B2C4 /* juce_events */ = {isa = PBXFileReference; lastKnownFileType = folder; name = juce_events; path = /Applications/JUCE/modules/juce_events; sourceTree = "<absolute>"; };
		5AF1164FB77603078DF4C7A2 /* include_juce_audio_plugin_client_AU_1.mm */ = {isa = PBXFileReference; lastKnownFileType = sourcecode.cpp.objcpp; name = include_juce_audio_plugin_client_AU_1.mm; path = ../../JuceLibraryCode/include_juce_audio_plugin_client_AU_1.mm; sourceTree = SOURCE_ROOT; };
		5B2E28EAA25436D5D83F4B2C /* libshredverb.a */ = {isa = PBXFileReference; explicitFileType = archive.ar; includeInIndex = 0; path = libshredverb.a; sourceTree = BUILT_PRODUCTS_DIR; };
		5BDF1BDF88A7E57AFC63E167 /* PluginProcessor.cpp */ = {isa = PBXFileReference; lastKnownFileType = sourcecode.cpp.cpp; name = PluginProcessor.cpp; path = ../../Source/PluginProcessor.cpp; sourceTree = SOURCE_ROOT; };
		5CD49C0B351905B10076DFB3 /* Foundation.framework */ = {isa = PBXFileReference; lastKnownFileType = wrapper.framework; name = Foundation.framework; path = System/Library/Frameworks/Foundation.framework; sourceTree = SDKROOT; };
		635F933498B1FB5F78B4CAEC /* Info-Standalone_Plugin.plist */ = {isa = PBXFileReference; lastKnownFileType = text.plist.xml; path = "Info-Standalone_Plugin.plist"; sourceTree = SOURCE_ROOT; };
		64181D959AB30445664B327A /* include_juce_audio_plugin_client_VST_utils.mm */ = {isa = PBXFileReference; lastKnownFileType = sourcecode.cpp.objcpp; name = include_juce_audio_plugin_client_VST_utils.mm; path = ../../JuceLibraryCode/include_juce_audio_plugin_client_VST_utils.mm; sourceTree = SOURCE_ROOT; };
		65FB47CAC46E3B30C5A596AE /* include_juce_audio_plugin_client_AU.r */ = {isa = PBXFileReference; lastKnownFileType = file.r; name = include_juce_audio_plugin_client_AU.r; path = ../../JuceLibraryCode/include_juce_audio_plugin_client_AU.r; sourceTree = SOURCE_ROOT; };
		6846DB3556D7CBB37FF66675 /* Info-VST3.plist */ = {isa = PBXFileReference; lastKnownFileType = text.plist.xml; path = "Info-VST3.plist"; sourceTree = SOURCE_ROOT; };
		6CB39A1FC48936E6CE3E64F9 /* DiscRecording.framework */ = {isa = PBXFileReference; lastKnownFileType = wrapper.framework; name = DiscRecording.framework; path = System/Library/Frameworks/DiscRecording.framework; sourceTree = SDKROOT; };
		6DB8072C71BDB2BBA95E2E5D /* juce_gui_extra */ = {isa = PBXFileReference; lastKnownFileType = folder; name = juce_gui_extra; path = /Applications/JUCE/modules/juce_gui_extra; sourceTree = "<absolute>"; };
		6F846E7D170031C91FCB03C4 /* CoreAudioKit.framework */ = {isa = PBXFileReference; lastKnownFileType = wrapper.framework; name = CoreAudioKit.framework; path = System/Library/Frameworks/CoreAudioKit.framework; sourceTree = SDKROOT; };
		76CCF6B4988387B5A85FC417 /* WebKit.framework */ = {isa = PBXFileReference; lastKnownFileType = wrapper.framework; name = WebKit.framework; path = System/Library/Frameworks/WebKit.framework; sourceTree = SDKROOT; };
		81DE7AF01FD73E95EA4447D5 /* juce_audio_basics */ = {isa = PBXFileReference; lastKnownFileType = folder; name = juce_audio_basics; path = /Applications/JUCE/modules/juce_audio_basics; sourceTree = "<absolute>"; };
		8E36FA092F3C15698B04BC65 /* AudioUnit.framework */ = {isa = PBXFileReference; lastKnownFileType = wrapper.framework; name = AudioUnit.framework; path = System/Library/Frameworks/AudioUnit.framework; sourceTree = SDKROOT; };
		8F9F53CAD772237406ACC35C /* IOKit.framework */ = {isa = PBXFileReference; lastKnownFileType = wrapper.framework; name = IOKit.framework; path = System/Library/Frameworks/IOKit.framework; sourceTree = SDKROOT; };
		9A406D62D3E058E51DD6BA14 /* Accelerate.framework */ = {isa = PBXFileReference; lastKnownFileType = wrapper.framework; name = Accelerate.framework; path = System/Library/Frameworks/Accelerate.framework; sourceTree = SDKROOT; };
		9EED2056A9D9F70A8B4A01FE /* include_juce_gui_basics.mm */ = {isa = PBXFileReference; lastKnownFileType = sourcecode.cpp.objcpp; name = include_juce_gui_basics.mm; path = ../../JuceLibraryCode/include_juce_gui_basics.mm; sourceTree = SOURCE_ROOT; };
		A1D3BD59582B6988323B239E /* include_juce_audio_formats.mm */ = {isa = PBXFileReference; lastKnownFileType = sourcecode.cpp.objcpp; name = include_juce_audio_formats.mm; path = ../../JuceLibraryCode/include_juce_audio_formats.mm; sourceTree = SOURCE_ROOT; };
		A20871D205F23FA90EED2108 /* Info-AU.plist */ = {isa = PBXFileReference; lastKnownFileType = text.plist.xml; path = "Info-AU.plist"; sourceTree = SOURCE_ROOT; };
		A3F202A788F8A5F64AB61C6E /* PluginEditor.cpp */ = {isa = PBXFileReference; lastKnownFileType = sourcecode.cpp.cpp; name = PluginEditor.cpp; path = ../../Source/PluginEditor.cpp; sourceTree = SOURCE_ROOT; };
		A56252FD92A4F474E4A1DB30 /* include_juce_audio_plugin_client_utils.cpp */ = {isa = PBXFileReference; lastKnownFileType = sourcecode.cpp.cpp; name = include_juce_audio_plugin_client_utils.cpp; path = ../../JuceLibraryCode/include_juce_audio_plugin_client_utils.cpp; sourceTree = SOURCE_ROOT; };
		AB5C941A96B00081F8D577AE /* QuartzCore.framework */ = {isa = PBXFileReference; lastKnownFileType = wrapper.framework; name = QuartzCore.framework; path = System/Library/Frameworks/QuartzCore.framework; sourceTree = SDKROOT; };
		AD60C90B09A796A770A7B676 /* JuceHeader.h */ = {isa = PBXFileReference; lastKnownFileType = sourcecode.c.h; name = JuceHeader.h; path = ../../JuceLibraryCode/JuceHeader.h; sourceTree = SOURCE_ROOT; };
		ADB6D0062B7310F7B89197D1 /* include_juce_audio_plugin_client_VST3.cpp */ = {isa = PBXFileReference; lastKnownFileType = sourcecode.cpp.cpp; name = include_juce_audio_plugin_client_VST3.cpp; path = ../../JuceLibraryCode/include_juce_audio_plugin_client_VST3.cpp; sourceTree = SOURCE_ROOT; };
		AECDBD63C9BD1D4A4E6ABE30 /* JucePluginDefines.h */ = {isa = PBXFileReference; lastKnownFileType = sourcecode.c.h; name = JucePluginDefines.h; path = ../../JuceLibraryCode/JucePluginDefines.h; sourceTree = SOURCE_ROOT; };
		B0519FC83AA8882234C7C6C8 /* CoreMIDI.framework */ = {isa = PBXFileReference; lastKnownFileType = wrapper.framework; name = CoreMIDI.framework; path = System/Library/Frameworks/CoreMIDI.framework; sourceTree = SDKROOT; };
		B8409D27F93E5CD76D80CB46 /* shredverb.component */ = {isa = PBXFileReference; explicitFileType = wrapper.cfbundle; includeInIndex = 0; path = shredverb.component; sourceTree = BUILT_PRODUCTS_DIR; };
		B8CE7D6511A3FD633984CA30 /* juce_core */ = {isa = PBXFileReference; lastKnownFileType = folder; name = juce_core; path = /Applications/JUCE/modules/juce_core; sourceTree = "<absolute>"; };
		BDCA72DC45DAB9F507E92AD0 /* PluginProcessor.h */ = {isa = PBXFileReference; lastKnownFileType = sourcecode.c.h; name = PluginProcessor.h; path = ../../Source/PluginProcessor.h; sourceTree = SOURCE_ROOT; };
		C2E7B0FF3F7E50FFE6C6E477 /* include_juce_graphics.mm */ = {isa = PBXFileReference; lastKnownFileType = sourcecode.cpp.objcpp; name = include_juce_graphics.mm; path = ../../JuceLibraryCode/include_juce_graphics.mm; sourceTree = SOURCE_ROOT; };
		C6FBE59B1953E2FF30A2351B /* nvs_delayFilters.h */ = {isa = PBXFileReference; lastKnownFileType = sourcecode.c.h; name = nvs_delayFilters.h; path = ../../../../../../development/gitstuff/nkvdu_libraries/include/nvs_delayFilters.h; sourceTree = SOURCE_ROOT; };
		CC506EDD59C784FD1F8F396A /* juce_audio_utils */ = {isa = PBXFileReference; lastKnownFileType = folder; name = juce_audio_utils; path = /Applications/JUCE/modules/juce_audio_utils; sourceTree = "<absolute>"; };
		D5E8CCD70D5F901D520C91E5 /* include_juce_audio_plugin_client_Standalone.cpp */ = {isa = PBXFileReference; lastKnownFileType = sourcecode.cpp.cpp; name = include_juce_audio_plugin_client_Standalone.cpp; path = ../../JuceLibraryCode/include_juce_audio_plugin_client_Standalone.cpp; sourceTree = SOURCE_ROOT; };
		DE48A0C45481D3B28F9207BE /* PluginEditor.h */ = {isa = PBXFileReference; lastKnownFileType = sourcecode.c.h; name = PluginEditor.h; path = ../../Source/PluginEditor.h; sourceTree = SOURCE_ROOT; };
		DFE26571D5F4F67811A2FDCD /* include_juce_audio_processors_lv2_libs.cpp */ = {isa = PBXFileReference; lastKnownFileType = sourcecode.cpp.cpp; name = include_juce_audio_processors_lv2_libs.cpp; path = ../../JuceLibraryCode/include_juce_audio_processors_lv2_libs.cpp; sourceTree = SOURCE_ROOT; };
		E681B7AD46724064FAAC2CB4 /* nvs_memoryless.h */ = {isa = PBXFileReference; lastKnownFileType = sourcecode.c.h; name = nvs_memoryless.h; path = ../../../../../../development/gitstuff/nkvdu_libraries/include/nvs_memoryless.h; sourceTree = SOURCE_ROOT; };
		E7D7E8F0FD75CCB88943DE5C /* juce_audio_plugin_client */ = {isa = PBXFileReference; lastKnownFileType = folder; name = juce_audio_plugin_client; path = /Applications/JUCE/modules/juce_audio_plugin_client; sourceTree = "<absolute>"; };
		EBFFDDFFC5B4FBB595673D6B /* juce_audio_processors */ = {isa = PBXFileReference; lastKnownFileType = folder; name = juce_audio_processors; path = /Applications/JUCE/modules/juce_audio_processors; sourceTree = "<absolute>"; };
		ED9607D8E14B265DC94FD77A /* nvs_filters.h */ = {isa = PBXFileReference; lastKnownFileType = sourcecode.c.h; name = nvs_filters.h; path = ../../../../../../development/gitstuff/nkvdu_libraries/include/nvs_filters.h; sourceTree = SOURCE_ROOT; };
		EDAF5D9E3577C34CAEA1B5B6 /* juce_gui_basics */ = {isa = PBXFileReference; lastKnownFileType = folder; name = juce_gui_basics; path = /Applications/JUCE/modules/juce_gui_basics; sourceTree = "<absolute>"; };
		F2C8737E63B66DF942995596 /* juce_audio_devices */ = {isa = PBXFileReference; lastKnownFileType = folder; name = juce_audio_devices; path = /Applications/JUCE/modules/juce_audio_devices; sourceTree = "<absolute>"; };
		F6405CA548DACA548D47B7F5 /* include_juce_events.mm */ = {isa = PBXFileReference; lastKnownFileType = sourcecode.cpp.objcpp; name = include_juce_events.mm; path = ../../JuceLibraryCode/include_juce_events.mm; sourceTree = SOURCE_ROOT; };
		FC7ECAAEBD6B62062D6288DC /* include_juce_data_structures.mm */ = {isa = PBXFileReference; lastKnownFileType = sourcecode.cpp.objcpp; name = include_juce_data_structures.mm; path = ../../JuceLibraryCode/include_juce_data_structures.mm; sourceTree = SOURCE_ROOT; };
/* End PBXFileReference section */

/* Begin PBXFrameworksBuildPhase section */
		D62CCBC17EFFABA16E8B5C13 /* Frameworks */ = {
			isa = PBXFrameworksBuildPhase;
			buildActionMask = 2147483647;
			files = (
				DC1F10D2293DB419000120E5 /* Accelerate.framework in Frameworks */,
				DC1F10D3293DB419000120E5 /* AudioToolbox.framework in Frameworks */,
				DC1F10D4293DB419000120E5 /* Cocoa.framework in Frameworks */,
				DC1F10D5293DB419000120E5 /* CoreAudio.framework in Frameworks */,
				DC1F10D6293DB419000120E5 /* CoreAudioKit.framework in Frameworks */,
				DC1F10D7293DB419000120E5 /* CoreMIDI.framework in Frameworks */,
				DC1F10D8293DB419000120E5 /* DiscRecording.framework in Frameworks */,
				DC1F10D9293DB419000120E5 /* Foundation.framework in Frameworks */,
				DC1F10DA293DB419000120E5 /* IOKit.framework in Frameworks */,
				DC1F10DB293DB419000120E5 /* QuartzCore.framework in Frameworks */,
				DC1F10DC293DB419000120E5 /* WebKit.framework in Frameworks */,
			);
			runOnlyForDeploymentPostprocessing = 0;
		};
		EC24BE3491A1BB0B175AC53E /* Frameworks */ = {
			isa = PBXFrameworksBuildPhase;
			buildActionMask = 2147483647;
			files = (
				2AFF4D8F516A194CE4B618B2 /* Accelerate.framework in Frameworks */,
				E46BB6B1F75C6C069A246AA2 /* AudioToolbox.framework in Frameworks */,
				8823F63CF0EE500E51DEBC97 /* Cocoa.framework in Frameworks */,
				A7EE5FE7990ED42FF3AACE85 /* CoreAudio.framework in Frameworks */,
				1AC8ED1B49F7B5640E467112 /* CoreAudioKit.framework in Frameworks */,
				8B7FE778C563830536D777B1 /* CoreMIDI.framework in Frameworks */,
				E5B9B4E446A17A441754CDFF /* DiscRecording.framework in Frameworks */,
				0D2421204CECCDF5E262EFB5 /* Foundation.framework in Frameworks */,
				79D7EF8DAFF1493F2B0A79BA /* IOKit.framework in Frameworks */,
				0D8DAED215FA33E6BAF2BCB9 /* QuartzCore.framework in Frameworks */,
				7106C69C3ABDE96DD027758D /* WebKit.framework in Frameworks */,
			);
			runOnlyForDeploymentPostprocessing = 0;
		};
		F2596485BDF23D9CBAE5CA84 /* Frameworks */ = {
			isa = PBXFrameworksBuildPhase;
			buildActionMask = 2147483647;
			files = (
				FA760A906F8C4F62E3FD84FA /* AudioUnit.framework in Frameworks */,
				DC1F10C6293DB419000120E5 /* Accelerate.framework in Frameworks */,
				DC1F10C7293DB419000120E5 /* AudioToolbox.framework in Frameworks */,
				DC1F10C8293DB419000120E5 /* Cocoa.framework in Frameworks */,
				DC1F10C9293DB419000120E5 /* CoreAudio.framework in Frameworks */,
				DC1F10CA293DB419000120E5 /* CoreAudioKit.framework in Frameworks */,
				DC1F10CB293DB419000120E5 /* CoreMIDI.framework in Frameworks */,
				DC1F10CC293DB419000120E5 /* DiscRecording.framework in Frameworks */,
				DC1F10CD293DB419000120E5 /* Foundation.framework in Frameworks */,
				DC1F10CE293DB419000120E5 /* IOKit.framework in Frameworks */,
				DC1F10CF293DB419000120E5 /* QuartzCore.framework in Frameworks */,
				DC1F10D0293DB419000120E5 /* WebKit.framework in Frameworks */,
			);
			runOnlyForDeploymentPostprocessing = 0;
		};
/* End PBXFrameworksBuildPhase section */

/* Begin PBXGroup section */
		1775CAFBE9F61D6D3DC07E02 /* shredverb */ = {
			isa = PBXGroup;
			children = (
				F589482CA0478A9EE16999F9 /* Source */,
			);
			name = shredverb;
			sourceTree = "<group>";
		};
		1E84CEF97A8FF83DEC694352 /* Resources */ = {
			isa = PBXGroup;
			children = (
				6846DB3556D7CBB37FF66675 /* Info-VST3.plist */,
				A20871D205F23FA90EED2108 /* Info-AU.plist */,
				635F933498B1FB5F78B4CAEC /* Info-Standalone_Plugin.plist */,
				4EC99F2303A9F41A98BD7E52 /* RecentFilesMenuTemplate.nib */,
			);
			name = Resources;
			sourceTree = "<group>";
		};
		2CDB22848484D30DED9BB79F /* JUCE Library Code */ = {
			isa = PBXGroup;
			children = (
				46C57B53C46B0354F4ACB5DC /* include_juce_audio_basics.mm */,
				12DE59723EC45C2BD5F5DFC0 /* include_juce_audio_devices.mm */,
				A1D3BD59582B6988323B239E /* include_juce_audio_formats.mm */,
				507003E38B9DCDFF87B4B651 /* include_juce_audio_plugin_client_ARA.cpp */,
				65FB47CAC46E3B30C5A596AE /* include_juce_audio_plugin_client_AU.r */,
				5AF1164FB77603078DF4C7A2 /* include_juce_audio_plugin_client_AU_1.mm */,
				411A0B0C59449BE36F087DF2 /* include_juce_audio_plugin_client_AU_2.mm */,
				D5E8CCD70D5F901D520C91E5 /* include_juce_audio_plugin_client_Standalone.cpp */,
				A56252FD92A4F474E4A1DB30 /* include_juce_audio_plugin_client_utils.cpp */,
				64181D959AB30445664B327A /* include_juce_audio_plugin_client_VST_utils.mm */,
				ADB6D0062B7310F7B89197D1 /* include_juce_audio_plugin_client_VST3.cpp */,
				23C7558B1D08A723072943C0 /* include_juce_audio_processors.mm */,
				2954AB4C303AF29A7CC10253 /* include_juce_audio_processors_ara.cpp */,
				DFE26571D5F4F67811A2FDCD /* include_juce_audio_processors_lv2_libs.cpp */,
				1122625D4565CE230F2F4B47 /* include_juce_audio_utils.mm */,
				2F633E9BB23806AF54684371 /* include_juce_core.mm */,
				FC7ECAAEBD6B62062D6288DC /* include_juce_data_structures.mm */,
				F6405CA548DACA548D47B7F5 /* include_juce_events.mm */,
				C2E7B0FF3F7E50FFE6C6E477 /* include_juce_graphics.mm */,
				9EED2056A9D9F70A8B4A01FE /* include_juce_gui_basics.mm */,
				0346E52C171E417A3CF01035 /* include_juce_gui_extra.mm */,
				AD60C90B09A796A770A7B676 /* JuceHeader.h */,
				AECDBD63C9BD1D4A4E6ABE30 /* JucePluginDefines.h */,
			);
			name = "JUCE Library Code";
			sourceTree = "<group>";
		};
		36FD1BDB5B258D2652ABBC32 /* JUCE Modules */ = {
			isa = PBXGroup;
			children = (
				81DE7AF01FD73E95EA4447D5 /* juce_audio_basics */,
				F2C8737E63B66DF942995596 /* juce_audio_devices */,
				0A3C43F547F9F43A218B0FA6 /* juce_audio_formats */,
				E7D7E8F0FD75CCB88943DE5C /* juce_audio_plugin_client */,
				EBFFDDFFC5B4FBB595673D6B /* juce_audio_processors */,
				CC506EDD59C784FD1F8F396A /* juce_audio_utils */,
				B8CE7D6511A3FD633984CA30 /* juce_core */,
				52A14368183BC24FD4D96544 /* juce_data_structures */,
				586AADA1F360542C9309B2C4 /* juce_events */,
				547B476670617097C7BD7A39 /* juce_graphics */,
				EDAF5D9E3577C34CAEA1B5B6 /* juce_gui_basics */,
				6DB8072C71BDB2BBA95E2E5D /* juce_gui_extra */,
			);
			name = "JUCE Modules";
			sourceTree = "<group>";
		};
		5BF548115FFCB4E796D7378F /* Products */ = {
			isa = PBXGroup;
			children = (
				469FCAD22135F41A4E2FED3B /* shredverb.vst3 */,
				B8409D27F93E5CD76D80CB46 /* shredverb.component */,
				3423536D035634798E376332 /* shredverb.app */,
				5B2E28EAA25436D5D83F4B2C /* libshredverb.a */,
			);
			name = Products;
			sourceTree = "<group>";
		};
		7A0E06130D05686C709EF1D3 /* Frameworks */ = {
			isa = PBXGroup;
			children = (
				8E36FA092F3C15698B04BC65 /* AudioUnit.framework */,
				9A406D62D3E058E51DD6BA14 /* Accelerate.framework */,
				43C1EBD96D92AC4A1B9CAE96 /* AudioToolbox.framework */,
				01512312FD78DE49C2F73A86 /* Cocoa.framework */,
				0381F71E76D2F413CDD998F3 /* CoreAudio.framework */,
				6F846E7D170031C91FCB03C4 /* CoreAudioKit.framework */,
				B0519FC83AA8882234C7C6C8 /* CoreMIDI.framework */,
				6CB39A1FC48936E6CE3E64F9 /* DiscRecording.framework */,
				5CD49C0B351905B10076DFB3 /* Foundation.framework */,
				8F9F53CAD772237406ACC35C /* IOKit.framework */,
				AB5C941A96B00081F8D577AE /* QuartzCore.framework */,
				76CCF6B4988387B5A85FC417 /* WebKit.framework */,
			);
			name = Frameworks;
			sourceTree = "<group>";
		};
		97434C310A62A6C6B9DD1A29 /* Source */ = {
			isa = PBXGroup;
			children = (
				1775CAFBE9F61D6D3DC07E02 /* shredverb */,
				36FD1BDB5B258D2652ABBC32 /* JUCE Modules */,
				2CDB22848484D30DED9BB79F /* JUCE Library Code */,
				1E84CEF97A8FF83DEC694352 /* Resources */,
				7A0E06130D05686C709EF1D3 /* Frameworks */,
				5BF548115FFCB4E796D7378F /* Products */,
			);
			name = Source;
			sourceTree = "<group>";
		};
		F589482CA0478A9EE16999F9 /* Source */ = {
			isa = PBXGroup;
			children = (
				C6FBE59B1953E2FF30A2351B /* nvs_delayFilters.h */,
				ED9607D8E14B265DC94FD77A /* nvs_filters.h */,
				0C2631CAEAD61B9FB6480593 /* nvs_LFO.h */,
				E681B7AD46724064FAAC2CB4 /* nvs_memoryless.h */,
				5BDF1BDF88A7E57AFC63E167 /* PluginProcessor.cpp */,
				BDCA72DC45DAB9F507E92AD0 /* PluginProcessor.h */,
				A3F202A788F8A5F64AB61C6E /* PluginEditor.cpp */,
				DE48A0C45481D3B28F9207BE /* PluginEditor.h */,
			);
			name = Source;
			sourceTree = "<group>";
		};
/* End PBXGroup section */

/* Begin PBXNativeTarget section */
		0DA6F04EDD0EA9D6E1E1225C /* shredverb - Standalone Plugin */ = {
			isa = PBXNativeTarget;
			buildConfigurationList = E7FDC6D8BE21C077247AE8FE /* Build configuration list for PBXNativeTarget "shredverb - Standalone Plugin" */;
			buildPhases = (
				AA1359D36EFF6003821DC90C /* Resources */,
				8E9CF76E8E0078CB4696B37D /* Sources */,
				D62CCBC17EFFABA16E8B5C13 /* Frameworks */,
			);
			buildRules = (
			);
			dependencies = (
				058CBD10F0C5B39E58EFEE66 /* PBXTargetDependency */,
			);
			name = "shredverb - Standalone Plugin";
			productName = shredverb;
			productReference = 3423536D035634798E376332 /* shredverb.app */;
			productType = "com.apple.product-type.application";
		};
		3184B9002C75EDA52A67057B /* shredverb - VST3 */ = {
			isa = PBXNativeTarget;
			buildConfigurationList = 129B9A5D30F0C4DB2EA0C1A0 /* Build configuration list for PBXNativeTarget "shredverb - VST3" */;
			buildPhases = (
				BE000FE90F9A87E75A6F2721 /* Resources */,
				2D2D9667FAA2BBBB2656A73E /* Sources */,
				EC24BE3491A1BB0B175AC53E /* Frameworks */,
			);
			buildRules = (
			);
			dependencies = (
				4E4739AD189BB737C3385B9E /* PBXTargetDependency */,
			);
			name = "shredverb - VST3";
			productName = shredverb;
			productReference = 469FCAD22135F41A4E2FED3B /* shredverb.vst3 */;
			productType = "com.apple.product-type.bundle";
		};
		872A803D26EF0C186FA4F548 /* shredverb - AU */ = {
			isa = PBXNativeTarget;
			buildConfigurationList = 40465E3CC6A3E232970C74FB /* Build configuration list for PBXNativeTarget "shredverb - AU" */;
			buildPhases = (
				C9A0123E141945592B76D7C2 /* Resources */,
				57D4180006EB6C2F8795E2E5 /* Rez */,
				E57944AEBAD2880509D0A804 /* Sources */,
				F2596485BDF23D9CBAE5CA84 /* Frameworks */,
			);
			buildRules = (
			);
			dependencies = (
				F6DFB56187A0EEC667A9AEBC /* PBXTargetDependency */,
			);
			name = "shredverb - AU";
			productName = shredverb;
			productReference = B8409D27F93E5CD76D80CB46 /* shredverb.component */;
			productType = "com.apple.product-type.bundle";
		};
		E8C1B3A2BB734902DA13D346 /* shredverb - Shared Code */ = {
			isa = PBXNativeTarget;
			buildConfigurationList = 481101DCF2F0A8D7FEAF19F6 /* Build configuration list for PBXNativeTarget "shredverb - Shared Code" */;
			buildPhases = (
				40A44D5D98974F14DE38A1CE /* Sources */,
			);
			buildRules = (
			);
			dependencies = (
			);
			name = "shredverb - Shared Code";
			productName = shredverb;
			productReference = 5B2E28EAA25436D5D83F4B2C /* libshredverb.a */;
			productType = "com.apple.product-type.library.static";
		};
/* End PBXNativeTarget section */

/* Begin PBXProject section */
		7038CD826D71CD0BC8DF003C /* Project object */ = {
			isa = PBXProject;
			attributes = {
				LastUpgradeCheck = 1340;
				ORGANIZATIONNAME = nvssynthesis;
				TargetAttributes = {
					0DA6F04EDD0EA9D6E1E1225C = {
						SystemCapabilities = {
							com.apple.ApplicationGroups.iOS = {
								enabled = 0;
							};
							com.apple.HardenedRuntime = {
								enabled = 0;
							};
							com.apple.InAppPurchase = {
								enabled = 0;
							};
							com.apple.InterAppAudio = {
								enabled = 0;
							};
							com.apple.Push = {
								enabled = 0;
							};
							com.apple.Sandbox = {
								enabled = 0;
							};
						};
					};
					3184B9002C75EDA52A67057B = {
						SystemCapabilities = {
							com.apple.ApplicationGroups.iOS = {
								enabled = 0;
							};
							com.apple.HardenedRuntime = {
								enabled = 0;
							};
							com.apple.InAppPurchase = {
								enabled = 0;
							};
							com.apple.InterAppAudio = {
								enabled = 0;
							};
							com.apple.Push = {
								enabled = 0;
							};
							com.apple.Sandbox = {
								enabled = 0;
							};
						};
					};
					872A803D26EF0C186FA4F548 = {
						SystemCapabilities = {
							com.apple.ApplicationGroups.iOS = {
								enabled = 0;
							};
							com.apple.HardenedRuntime = {
								enabled = 0;
							};
							com.apple.InAppPurchase = {
								enabled = 0;
							};
							com.apple.InterAppAudio = {
								enabled = 0;
							};
							com.apple.Push = {
								enabled = 0;
							};
							com.apple.Sandbox = {
								enabled = 0;
							};
						};
					};
					E8C1B3A2BB734902DA13D346 = {
						SystemCapabilities = {
							com.apple.ApplicationGroups.iOS = {
								enabled = 0;
							};
							com.apple.HardenedRuntime = {
								enabled = 0;
							};
							com.apple.InAppPurchase = {
								enabled = 0;
							};
							com.apple.InterAppAudio = {
								enabled = 0;
							};
							com.apple.Push = {
								enabled = 0;
							};
							com.apple.Sandbox = {
								enabled = 0;
							};
						};
					};
					EDA08FBE2C53AEFCB4CA4AB5 = {
						SystemCapabilities = {
							com.apple.ApplicationGroups.iOS = {
								enabled = 0;
							};
							com.apple.HardenedRuntime = {
								enabled = 0;
							};
							com.apple.InAppPurchase = {
								enabled = 0;
							};
							com.apple.InterAppAudio = {
								enabled = 0;
							};
							com.apple.Push = {
								enabled = 0;
							};
							com.apple.Sandbox = {
								enabled = 0;
							};
						};
					};
				};
			};
			buildConfigurationList = 4152761531AF15330B2CD0AC /* Build configuration list for PBXProject "shredverb" */;
			compatibilityVersion = "Xcode 3.2";
			developmentRegion = en;
			hasScannedForEncodings = 0;
			knownRegions = (
				en,
				Base,
			);
			mainGroup = 97434C310A62A6C6B9DD1A29 /* Source */;
			projectDirPath = "";
			projectRoot = "";
			targets = (
				EDA08FBE2C53AEFCB4CA4AB5 /* shredverb - All */,
				3184B9002C75EDA52A67057B /* shredverb - VST3 */,
				872A803D26EF0C186FA4F548 /* shredverb - AU */,
				0DA6F04EDD0EA9D6E1E1225C /* shredverb - Standalone Plugin */,
				E8C1B3A2BB734902DA13D346 /* shredverb - Shared Code */,
			);
		};
/* End PBXProject section */

/* Begin PBXResourcesBuildPhase section */
		AA1359D36EFF6003821DC90C /* Resources */ = {
			isa = PBXResourcesBuildPhase;
			buildActionMask = 2147483647;
			files = (
				DC1F10D1293DB419000120E5 /* RecentFilesMenuTemplate.nib in Resources */,
			);
			runOnlyForDeploymentPostprocessing = 0;
		};
		BE000FE90F9A87E75A6F2721 /* Resources */ = {
			isa = PBXResourcesBuildPhase;
			buildActionMask = 2147483647;
			files = (
				5C84F6F2E54A35E7AB1C5FD3 /* RecentFilesMenuTemplate.nib in Resources */,
			);
			runOnlyForDeploymentPostprocessing = 0;
		};
		C9A0123E141945592B76D7C2 /* Resources */ = {
			isa = PBXResourcesBuildPhase;
			buildActionMask = 2147483647;
			files = (
				DC1F10C5293DB419000120E5 /* RecentFilesMenuTemplate.nib in Resources */,
			);
			runOnlyForDeploymentPostprocessing = 0;
		};
/* End PBXResourcesBuildPhase section */

/* Begin PBXRezBuildPhase section */
		57D4180006EB6C2F8795E2E5 /* Rez */ = {
			isa = PBXRezBuildPhase;
			buildActionMask = 2147483647;
			files = (
				1EF31BA60458BBF260D4AF62 /* include_juce_audio_plugin_client_AU.r in Rez */,
			);
			runOnlyForDeploymentPostprocessing = 0;
		};
/* End PBXRezBuildPhase section */

/* Begin PBXSourcesBuildPhase section */
		2D2D9667FAA2BBBB2656A73E /* Sources */ = {
			isa = PBXSourcesBuildPhase;
			buildActionMask = 2147483647;
			files = (
				DFFA855B9B13C14F47311F1A /* include_juce_audio_plugin_client_VST3.cpp in Sources */,
			);
			runOnlyForDeploymentPostprocessing = 0;
		};
		40A44D5D98974F14DE38A1CE /* Sources */ = {
			isa = PBXSourcesBuildPhase;
			buildActionMask = 2147483647;
			files = (
				83DB24B29F458AA5CC96E159 /* PluginProcessor.cpp in Sources */,
				73F973AF2DF5031DDF157039 /* PluginEditor.cpp in Sources */,
				0B9F1506B272DF09AF64824D /* include_juce_audio_basics.mm in Sources */,
				CF244996348D90D80EE4EA93 /* include_juce_audio_devices.mm in Sources */,
				B6BDAC7B6CC7709A7C33DF5F /* include_juce_audio_formats.mm in Sources */,
				D4C93BD83A5BCB93829A9E9E /* include_juce_audio_plugin_client_ARA.cpp in Sources */,
				81D7B19C856F22887E48CF83 /* include_juce_audio_plugin_client_utils.cpp in Sources */,
				7E08F87636726065F53F4CE5 /* include_juce_audio_plugin_client_VST_utils.mm in Sources */,
				BC342A186F570332BA5322B3 /* include_juce_audio_processors.mm in Sources */,
				35F36002D8BD648B077856AE /* include_juce_audio_processors_ara.cpp in Sources */,
				1421911607EEA4EAB5770B41 /* include_juce_audio_processors_lv2_libs.cpp in Sources */,
				702D63021218AD3A8966E152 /* include_juce_audio_utils.mm in Sources */,
				367E45A1F41EE09C42FE2438 /* include_juce_core.mm in Sources */,
				0D382321F5C34CA8F06A8039 /* include_juce_data_structures.mm in Sources */,
				5BC00CFA2CAD539CF1C2BA90 /* include_juce_events.mm in Sources */,
				3938E8CF187A9458696A6C36 /* include_juce_graphics.mm in Sources */,
				14C78970BCE5A96E76C423F7 /* include_juce_gui_basics.mm in Sources */,
				6701038717D073B3E293476C /* include_juce_gui_extra.mm in Sources */,
			);
			runOnlyForDeploymentPostprocessing = 0;
		};
		8E9CF76E8E0078CB4696B37D /* Sources */ = {
			isa = PBXSourcesBuildPhase;
			buildActionMask = 2147483647;
			files = (
				0D98CD69AB27AD9F8FEDB284 /* include_juce_audio_plugin_client_Standalone.cpp in Sources */,
			);
			runOnlyForDeploymentPostprocessing = 0;
		};
		E57944AEBAD2880509D0A804 /* Sources */ = {
			isa = PBXSourcesBuildPhase;
			buildActionMask = 2147483647;
			files = (
				FED486E77FFCDE94887927BC /* include_juce_audio_plugin_client_AU_1.mm in Sources */,
				D23FEEBDD02158C6CEE94591 /* include_juce_audio_plugin_client_AU_2.mm in Sources */,
			);
			runOnlyForDeploymentPostprocessing = 0;
		};
/* End PBXSourcesBuildPhase section */

/* Begin PBXTargetDependency section */
		03F6B7BC3387BEAE3B81E0EC /* PBXTargetDependency */ = {
			isa = PBXTargetDependency;
			target = 872A803D26EF0C186FA4F548 /* shredverb - AU */;
			targetProxy = DC1F10DE293DB41A000120E5 /* PBXContainerItemProxy */;
		};
		05330D02940B62B6839EE810 /* PBXTargetDependency */ = {
			isa = PBXTargetDependency;
			target = 0DA6F04EDD0EA9D6E1E1225C /* shredverb - Standalone Plugin */;
			targetProxy = DC1F10DF293DB41A000120E5 /* PBXContainerItemProxy */;
		};
		058CBD10F0C5B39E58EFEE66 /* PBXTargetDependency */ = {
			isa = PBXTargetDependency;
			target = E8C1B3A2BB734902DA13D346 /* shredverb - Shared Code */;
			targetProxy = DC1F10E3293DB41A000120E5 /* PBXContainerItemProxy */;
		};
		17A848F7751188C09F16FF4C /* PBXTargetDependency */ = {
			isa = PBXTargetDependency;
			target = 3184B9002C75EDA52A67057B /* shredverb - VST3 */;
			targetProxy = DC1F10DD293DB41A000120E5 /* PBXContainerItemProxy */;
		};
		4CBC78048FA541B53527F2A1 /* PBXTargetDependency */ = {
			isa = PBXTargetDependency;
			target = E8C1B3A2BB734902DA13D346 /* shredverb - Shared Code */;
			targetProxy = DC1F10E0293DB41A000120E5 /* PBXContainerItemProxy */;
		};
		4E4739AD189BB737C3385B9E /* PBXTargetDependency */ = {
			isa = PBXTargetDependency;
			target = E8C1B3A2BB734902DA13D346 /* shredverb - Shared Code */;
			targetProxy = DC1F10E1293DB41A000120E5 /* PBXContainerItemProxy */;
		};
		F6DFB56187A0EEC667A9AEBC /* PBXTargetDependency */ = {
			isa = PBXTargetDependency;
			target = E8C1B3A2BB734902DA13D346 /* shredverb - Shared Code */;
			targetProxy = DC1F10E2293DB41A000120E5 /* PBXContainerItemProxy */;
		};
/* End PBXTargetDependency section */

/* Begin XCBuildConfiguration section */
		299EDC72BEF74378BA9FE30C /* Debug */ = {
			isa = XCBuildConfiguration;
			buildSettings = {
				CLANG_CXX_LANGUAGE_STANDARD = "c++17";
				CLANG_CXX_LIBRARY = "libc++";
				CLANG_LINK_OBJC_RUNTIME = NO;
				CODE_SIGN_IDENTITY = "";
				COMBINE_HIDPI_IMAGES = YES;
				CONFIGURATION_BUILD_DIR = "$(PROJECT_DIR)/build/$(CONFIGURATION)";
				COPY_PHASE_STRIP = NO;
				DEPLOYMENT_LOCATION = YES;
				DSTROOT = /;
				EXCLUDED_ARCHS = "";
				GCC_DYNAMIC_NO_PIC = NO;
				GCC_OPTIMIZATION_LEVEL = 0;
				GCC_PREPROCESSOR_DEFINITIONS = (
					"_DEBUG=1",
					"DEBUG=1",
					"JUCE_DISPLAY_SPLASH_SCREEN=1",
					"JUCE_USE_DARK_SPLASH_SCREEN=1",
					"JUCE_PROJUCER_VERSION=0x70002",
					"JUCE_MODULE_AVAILABLE_juce_audio_basics=1",
					"JUCE_MODULE_AVAILABLE_juce_audio_devices=1",
					"JUCE_MODULE_AVAILABLE_juce_audio_formats=1",
					"JUCE_MODULE_AVAILABLE_juce_audio_plugin_client=1",
					"JUCE_MODULE_AVAILABLE_juce_audio_processors=1",
					"JUCE_MODULE_AVAILABLE_juce_audio_utils=1",
					"JUCE_MODULE_AVAILABLE_juce_core=1",
					"JUCE_MODULE_AVAILABLE_juce_data_structures=1",
					"JUCE_MODULE_AVAILABLE_juce_events=1",
					"JUCE_MODULE_AVAILABLE_juce_graphics=1",
					"JUCE_MODULE_AVAILABLE_juce_gui_basics=1",
					"JUCE_MODULE_AVAILABLE_juce_gui_extra=1",
					"JUCE_GLOBAL_MODULE_SETTINGS_INCLUDED=1",
					"JUCE_VST3_CAN_REPLACE_VST2=0",
					"JUCE_STRICT_REFCOUNTEDPOINTER=1",
					"JucePlugin_Build_VST=0",
					"JucePlugin_Build_VST3=0",
					"JucePlugin_Build_AU=1",
					"JucePlugin_Build_AUv3=0",
					"JucePlugin_Build_AAX=0",
					"JucePlugin_Build_Standalone=0",
					"JucePlugin_Build_Unity=0",
					"JucePlugin_Build_LV2=0",
					"JucePlugin_Enable_IAA=0",
					"JucePlugin_Enable_ARA=0",
					"JucePlugin_Name=\\\"shredverb\\\"",
					"JucePlugin_Desc=\\\"shredverb\\\"",
					"JucePlugin_Manufacturer=\\\"nvssynthesis\\\"",
					"JucePlugin_ManufacturerWebsite=\\\"nvssynthesis.github.io\\\"",
					"JucePlugin_ManufacturerEmail=\\\"\\\"",
					"JucePlugin_ManufacturerCode=0x4d616e75",
					"JucePlugin_PluginCode=0x57366235",
					"JucePlugin_IsSynth=0",
					"JucePlugin_WantsMidiInput=0",
					"JucePlugin_ProducesMidiOutput=0",
					"JucePlugin_IsMidiEffect=0",
					"JucePlugin_EditorRequiresKeyboardFocus=0",
					"JucePlugin_Version=1.0.0",
					"JucePlugin_VersionCode=0x10000",
					"JucePlugin_VersionString=\\\"1.0.0\\\"",
					"JucePlugin_VSTUniqueID=JucePlugin_PluginCode",
					"JucePlugin_VSTCategory=kPlugCategEffect",
					"JucePlugin_Vst3Category=\\\"Fx|Delay|Distortion|Reverb\\\"",
					"JucePlugin_AUMainType=\\'aufx\\'",
					"JucePlugin_AUSubType=JucePlugin_PluginCode",
					"JucePlugin_AUExportPrefix=shredverbAU",
					"JucePlugin_AUExportPrefixQuoted=\\\"shredverbAU\\\"",
					"JucePlugin_AUManufacturerCode=JucePlugin_ManufacturerCode",
					"JucePlugin_CFBundleIdentifier=com.nvssynthesis.shredverb",
					"JucePlugin_AAXIdentifier=com.nvssynthesis.shredverb",
					"JucePlugin_AAXManufacturerCode=JucePlugin_ManufacturerCode",
					"JucePlugin_AAXProductId=JucePlugin_PluginCode",
					"JucePlugin_AAXCategory=0",
					"JucePlugin_AAXDisableBypass=0",
					"JucePlugin_AAXDisableMultiMono=0",
					"JucePlugin_IAAType=0x61757278",
					"JucePlugin_IAASubType=JucePlugin_PluginCode",
					"JucePlugin_IAAName=\\\"nvssynthesis:\\ shredverb\\\"",
					"JucePlugin_VSTNumMidiInputs=16",
					"JucePlugin_VSTNumMidiOutputs=16",
					"JucePlugin_ARAContentTypes=0",
					"JucePlugin_ARATransformationFlags=0",
					"JucePlugin_ARAFactoryID=\\\"com.nvssynthesis.shredverb.factory\\\"",
					"JucePlugin_ARADocumentArchiveID=\\\"com.nvssynthesis.shredverb.aradocumentarchive.1.0.0\\\"",
					"JucePlugin_ARACompatibleArchiveIDs=\\\"\\\"",
					"JUCE_STANDALONE_APPLICATION=JucePlugin_Build_Standalone",
					"JUCER_XCODE_MAC_F6D2F4CF=1",
					"JUCE_APP_VERSION=1.0.0",
					"JUCE_APP_VERSION_HEX=0x10000",
				);
				GCC_VERSION = com.apple.compilers.llvm.clang.1_0;
				GENERATE_PKGINFO_FILE = YES;
				HEADER_SEARCH_PATHS = (
					/Applications/JUCE/modules/juce_audio_processors/format_types/VST3_SDK,
					"$(SRCROOT)/../../JuceLibraryCode",
					/Applications/JUCE/modules,
					/Users/nicholassolem/development/gitstuff/nkvdu_libraries,
					/Applications/JUCE/modules/juce_audio_plugin_client,
					"$(inherited)",
				);
				INFOPLIST_FILE = "Info-AU.plist";
				INFOPLIST_PREPROCESS = NO;
				INSTALL_PATH = "$(HOME)/Library/Audio/Plug-Ins/Components/";
				LIBRARY_SEARCH_PATHS = (
					"$(inherited)",
					"\"/Users/nicholassolem/development/gitstuff/nkvdu_libraries\"",
				);
				LIBRARY_STYLE = Bundle;
				MACOSX_DEPLOYMENT_TARGET = 10.11;
				MTL_HEADER_SEARCH_PATHS = "/Applications/JUCE/modules/juce_audio_processors/format_types/VST3_SDK $(SRCROOT)/../../JuceLibraryCode /Applications/JUCE/modules /Users/nicholassolem/development/gitstuff/nkvdu_libraries /Applications/JUCE/modules/juce_audio_plugin_client";
				OTHER_LDFLAGS = (
					"-bundle",
					"-lshredverb",
					"-weak_framework",
					Metal,
					"-weak_framework",
					MetalKit,
				);
				OTHER_REZFLAGS = "-d ppc_$ppc -d i386_$i386 -d ppc64_$ppc64 -d x86_64_$x86_64 -d arm64_$arm64 -I /System/Library/Frameworks/CoreServices.framework/Frameworks/CarbonCore.framework/Versions/A/Headers -I \"$(DEVELOPER_DIR)/Extras/CoreAudio/AudioUnits/AUPublic/AUBase\" -I \"$(DEVELOPER_DIR)/Platforms/MacOSX.platform/Developer/SDKs/MacOSX.sdk/System/Library/Frameworks/AudioUnit.framework/Headers\"";
				PRODUCT_BUNDLE_IDENTIFIER = com.nvssynthesis.shredverb;
				PRODUCT_NAME = shredverb;
				USE_HEADERMAP = NO;
				VALID_ARCHS = "i386 x86_64 arm64 arm64e";
				WRAPPER_EXTENSION = component;
			};
			name = Debug;
		};
		2C3299644AF8829A90591EAA /* Release */ = {
			isa = XCBuildConfiguration;
			buildSettings = {
				CLANG_CXX_LANGUAGE_STANDARD = "c++17";
				CLANG_CXX_LIBRARY = "libc++";
				CLANG_LINK_OBJC_RUNTIME = NO;
				CODE_SIGN_IDENTITY = "";
				COMBINE_HIDPI_IMAGES = YES;
				CONFIGURATION_BUILD_DIR = "$(PROJECT_DIR)/build/$(CONFIGURATION)";
				DEAD_CODE_STRIPPING = YES;
				DEPLOYMENT_LOCATION = YES;
				DSTROOT = /;
				EXCLUDED_ARCHS = "";
				GCC_GENERATE_DEBUGGING_SYMBOLS = NO;
				GCC_OPTIMIZATION_LEVEL = 3;
				GCC_PREPROCESSOR_DEFINITIONS = (
					"_NDEBUG=1",
					"NDEBUG=1",
					"JUCE_DISPLAY_SPLASH_SCREEN=1",
					"JUCE_USE_DARK_SPLASH_SCREEN=1",
					"JUCE_PROJUCER_VERSION=0x70002",
					"JUCE_MODULE_AVAILABLE_juce_audio_basics=1",
					"JUCE_MODULE_AVAILABLE_juce_audio_devices=1",
					"JUCE_MODULE_AVAILABLE_juce_audio_formats=1",
					"JUCE_MODULE_AVAILABLE_juce_audio_plugin_client=1",
					"JUCE_MODULE_AVAILABLE_juce_audio_processors=1",
					"JUCE_MODULE_AVAILABLE_juce_audio_utils=1",
					"JUCE_MODULE_AVAILABLE_juce_core=1",
					"JUCE_MODULE_AVAILABLE_juce_data_structures=1",
					"JUCE_MODULE_AVAILABLE_juce_events=1",
					"JUCE_MODULE_AVAILABLE_juce_graphics=1",
					"JUCE_MODULE_AVAILABLE_juce_gui_basics=1",
					"JUCE_MODULE_AVAILABLE_juce_gui_extra=1",
					"JUCE_GLOBAL_MODULE_SETTINGS_INCLUDED=1",
					"JUCE_VST3_CAN_REPLACE_VST2=0",
					"JUCE_STRICT_REFCOUNTEDPOINTER=1",
					"JucePlugin_Build_VST=0",
					"JucePlugin_Build_VST3=1",
					"JucePlugin_Build_AU=0",
					"JucePlugin_Build_AUv3=0",
					"JucePlugin_Build_AAX=0",
					"JucePlugin_Build_Standalone=0",
					"JucePlugin_Build_Unity=0",
					"JucePlugin_Build_LV2=0",
					"JucePlugin_Enable_IAA=0",
					"JucePlugin_Enable_ARA=0",
					"JucePlugin_Name=\\\"shredverb\\\"",
					"JucePlugin_Desc=\\\"shredverb\\\"",
					"JucePlugin_Manufacturer=\\\"nvssynthesis\\\"",
					"JucePlugin_ManufacturerWebsite=\\\"nvssynthesis.github.io\\\"",
					"JucePlugin_ManufacturerEmail=\\\"\\\"",
					"JucePlugin_ManufacturerCode=0x4d616e75",
					"JucePlugin_PluginCode=0x57366235",
					"JucePlugin_IsSynth=0",
					"JucePlugin_WantsMidiInput=0",
					"JucePlugin_ProducesMidiOutput=0",
					"JucePlugin_IsMidiEffect=0",
					"JucePlugin_EditorRequiresKeyboardFocus=0",
					"JucePlugin_Version=1.0.0",
					"JucePlugin_VersionCode=0x10000",
					"JucePlugin_VersionString=\\\"1.0.0\\\"",
					"JucePlugin_VSTUniqueID=JucePlugin_PluginCode",
					"JucePlugin_VSTCategory=kPlugCategEffect",
					"JucePlugin_Vst3Category=\\\"Fx|Delay|Distortion|Reverb\\\"",
					"JucePlugin_AUMainType=\\'aufx\\'",
					"JucePlugin_AUSubType=JucePlugin_PluginCode",
					"JucePlugin_AUExportPrefix=shredverbAU",
					"JucePlugin_AUExportPrefixQuoted=\\\"shredverbAU\\\"",
					"JucePlugin_AUManufacturerCode=JucePlugin_ManufacturerCode",
					"JucePlugin_CFBundleIdentifier=com.nvssynthesis.shredverb",
					"JucePlugin_AAXIdentifier=com.nvssynthesis.shredverb",
					"JucePlugin_AAXManufacturerCode=JucePlugin_ManufacturerCode",
					"JucePlugin_AAXProductId=JucePlugin_PluginCode",
					"JucePlugin_AAXCategory=0",
					"JucePlugin_AAXDisableBypass=0",
					"JucePlugin_AAXDisableMultiMono=0",
					"JucePlugin_IAAType=0x61757278",
					"JucePlugin_IAASubType=JucePlugin_PluginCode",
					"JucePlugin_IAAName=\\\"nvssynthesis:\\ shredverb\\\"",
					"JucePlugin_VSTNumMidiInputs=16",
					"JucePlugin_VSTNumMidiOutputs=16",
					"JucePlugin_ARAContentTypes=0",
					"JucePlugin_ARATransformationFlags=0",
					"JucePlugin_ARAFactoryID=\\\"com.nvssynthesis.shredverb.factory\\\"",
					"JucePlugin_ARADocumentArchiveID=\\\"com.nvssynthesis.shredverb.aradocumentarchive.1.0.0\\\"",
					"JucePlugin_ARACompatibleArchiveIDs=\\\"\\\"",
					"JUCE_STANDALONE_APPLICATION=JucePlugin_Build_Standalone",
					"JUCER_XCODE_MAC_F6D2F4CF=1",
					"JUCE_APP_VERSION=1.0.0",
					"JUCE_APP_VERSION_HEX=0x10000",
				);
				GCC_VERSION = com.apple.compilers.llvm.clang.1_0;
				GENERATE_PKGINFO_FILE = YES;
				HEADER_SEARCH_PATHS = (
					/Applications/JUCE/modules/juce_audio_processors/format_types/VST3_SDK,
					"$(SRCROOT)/../../JuceLibraryCode",
					/Applications/JUCE/modules,
					/Users/nicholassolem/development/gitstuff/nkvdu_libraries,
					/Applications/JUCE/modules/juce_audio_plugin_client,
					"$(inherited)",
				);
				INFOPLIST_FILE = "Info-VST3.plist";
				INFOPLIST_PREPROCESS = NO;
				INSTALL_PATH = "$(HOME)/Library/Audio/Plug-Ins/VST3/";
				LIBRARY_SEARCH_PATHS = (
					"$(inherited)",
					"\"/Users/nicholassolem/development/gitstuff/nkvdu_libraries\"",
				);
				LIBRARY_STYLE = Bundle;
				LLVM_LTO = YES;
				MACOSX_DEPLOYMENT_TARGET = 10.11;
				MTL_HEADER_SEARCH_PATHS = "/Applications/JUCE/modules/juce_audio_processors/format_types/VST3_SDK $(SRCROOT)/../../JuceLibraryCode /Applications/JUCE/modules /Users/nicholassolem/development/gitstuff/nkvdu_libraries /Applications/JUCE/modules/juce_audio_plugin_client";
				OTHER_LDFLAGS = (
					"-bundle",
					"-lshredverb",
					"-weak_framework",
					Metal,
					"-weak_framework",
					MetalKit,
				);
				PRODUCT_BUNDLE_IDENTIFIER = com.nvssynthesis.shredverb;
				PRODUCT_NAME = shredverb;
				USE_HEADERMAP = NO;
				VALID_ARCHS = "i386 x86_64 arm64 arm64e";
				WRAPPER_EXTENSION = vst3;
			};
			name = Release;
		};
		5F15E6C378BED07FB5C1A758 /* Release */ = {
			isa = XCBuildConfiguration;
			buildSettings = {
				CLANG_CXX_LANGUAGE_STANDARD = "c++17";
				CLANG_CXX_LIBRARY = "libc++";
				CLANG_LINK_OBJC_RUNTIME = NO;
				CODE_SIGN_IDENTITY = "";
				COMBINE_HIDPI_IMAGES = YES;
				CONFIGURATION_BUILD_DIR = "$(PROJECT_DIR)/build/$(CONFIGURATION)";
				DEAD_CODE_STRIPPING = YES;
				EXCLUDED_ARCHS = "";
				GCC_GENERATE_DEBUGGING_SYMBOLS = NO;
				GCC_OPTIMIZATION_LEVEL = 3;
				GCC_PREPROCESSOR_DEFINITIONS = (
					"_NDEBUG=1",
					"NDEBUG=1",
					"JUCE_DISPLAY_SPLASH_SCREEN=1",
					"JUCE_USE_DARK_SPLASH_SCREEN=1",
					"JUCE_PROJUCER_VERSION=0x70002",
					"JUCE_MODULE_AVAILABLE_juce_audio_basics=1",
					"JUCE_MODULE_AVAILABLE_juce_audio_devices=1",
					"JUCE_MODULE_AVAILABLE_juce_audio_formats=1",
					"JUCE_MODULE_AVAILABLE_juce_audio_plugin_client=1",
					"JUCE_MODULE_AVAILABLE_juce_audio_processors=1",
					"JUCE_MODULE_AVAILABLE_juce_audio_utils=1",
					"JUCE_MODULE_AVAILABLE_juce_core=1",
					"JUCE_MODULE_AVAILABLE_juce_data_structures=1",
					"JUCE_MODULE_AVAILABLE_juce_events=1",
					"JUCE_MODULE_AVAILABLE_juce_graphics=1",
					"JUCE_MODULE_AVAILABLE_juce_gui_basics=1",
					"JUCE_MODULE_AVAILABLE_juce_gui_extra=1",
					"JUCE_GLOBAL_MODULE_SETTINGS_INCLUDED=1",
					"JUCE_VST3_CAN_REPLACE_VST2=0",
					"JUCE_STRICT_REFCOUNTEDPOINTER=1",
					"JucePlugin_Build_VST=0",
					"JucePlugin_Build_VST3=1",
					"JucePlugin_Build_AU=1",
					"JucePlugin_Build_AUv3=0",
					"JucePlugin_Build_AAX=0",
					"JucePlugin_Build_Standalone=1",
					"JucePlugin_Build_Unity=0",
					"JucePlugin_Build_LV2=0",
					"JucePlugin_Enable_IAA=0",
					"JucePlugin_Enable_ARA=0",
					"JucePlugin_Name=\\\"shredverb\\\"",
					"JucePlugin_Desc=\\\"shredverb\\\"",
					"JucePlugin_Manufacturer=\\\"nvssynthesis\\\"",
					"JucePlugin_ManufacturerWebsite=\\\"nvssynthesis.github.io\\\"",
					"JucePlugin_ManufacturerEmail=\\\"\\\"",
					"JucePlugin_ManufacturerCode=0x4d616e75",
					"JucePlugin_PluginCode=0x57366235",
					"JucePlugin_IsSynth=0",
					"JucePlugin_WantsMidiInput=0",
					"JucePlugin_ProducesMidiOutput=0",
					"JucePlugin_IsMidiEffect=0",
					"JucePlugin_EditorRequiresKeyboardFocus=0",
					"JucePlugin_Version=1.0.0",
					"JucePlugin_VersionCode=0x10000",
					"JucePlugin_VersionString=\\\"1.0.0\\\"",
					"JucePlugin_VSTUniqueID=JucePlugin_PluginCode",
					"JucePlugin_VSTCategory=kPlugCategEffect",
					"JucePlugin_Vst3Category=\\\"Fx|Delay|Distortion|Reverb\\\"",
					"JucePlugin_AUMainType=\\'aufx\\'",
					"JucePlugin_AUSubType=JucePlugin_PluginCode",
					"JucePlugin_AUExportPrefix=shredverbAU",
					"JucePlugin_AUExportPrefixQuoted=\\\"shredverbAU\\\"",
					"JucePlugin_AUManufacturerCode=JucePlugin_ManufacturerCode",
					"JucePlugin_CFBundleIdentifier=com.nvssynthesis.shredverb",
					"JucePlugin_AAXIdentifier=com.nvssynthesis.shredverb",
					"JucePlugin_AAXManufacturerCode=JucePlugin_ManufacturerCode",
					"JucePlugin_AAXProductId=JucePlugin_PluginCode",
					"JucePlugin_AAXCategory=0",
					"JucePlugin_AAXDisableBypass=0",
					"JucePlugin_AAXDisableMultiMono=0",
					"JucePlugin_IAAType=0x61757278",
					"JucePlugin_IAASubType=JucePlugin_PluginCode",
					"JucePlugin_IAAName=\\\"nvssynthesis:\\ shredverb\\\"",
					"JucePlugin_VSTNumMidiInputs=16",
					"JucePlugin_VSTNumMidiOutputs=16",
					"JucePlugin_ARAContentTypes=0",
					"JucePlugin_ARATransformationFlags=0",
					"JucePlugin_ARAFactoryID=\\\"com.nvssynthesis.shredverb.factory\\\"",
					"JucePlugin_ARADocumentArchiveID=\\\"com.nvssynthesis.shredverb.aradocumentarchive.1.0.0\\\"",
					"JucePlugin_ARACompatibleArchiveIDs=\\\"\\\"",
					"JUCE_STANDALONE_APPLICATION=JucePlugin_Build_Standalone",
					"JUCER_XCODE_MAC_F6D2F4CF=1",
					"JUCE_APP_VERSION=1.0.0",
					"JUCE_APP_VERSION_HEX=0x10000",
					"JUCE_SHARED_CODE=1",
				);
				GCC_VERSION = com.apple.compilers.llvm.clang.1_0;
				HEADER_SEARCH_PATHS = (
					/Applications/JUCE/modules/juce_audio_processors/format_types/VST3_SDK,
					"$(SRCROOT)/../../JuceLibraryCode",
					/Applications/JUCE/modules,
					/Users/nicholassolem/development/gitstuff/nkvdu_libraries,
					/Applications/JUCE/modules/juce_audio_plugin_client,
					"$(inherited)",
				);
				INSTALL_PATH = "@executable_path/../Frameworks";
				LIBRARY_SEARCH_PATHS = (
					"$(inherited)",
					"\"/Users/nicholassolem/development/gitstuff/nkvdu_libraries\"",
				);
				LLVM_LTO = YES;
				MACOSX_DEPLOYMENT_TARGET = 10.11;
				MTL_HEADER_SEARCH_PATHS = "/Applications/JUCE/modules/juce_audio_processors/format_types/VST3_SDK $(SRCROOT)/../../JuceLibraryCode /Applications/JUCE/modules /Users/nicholassolem/development/gitstuff/nkvdu_libraries /Applications/JUCE/modules/juce_audio_plugin_client";
				OTHER_LDFLAGS = (
					"-weak_framework",
					"-lshredverb",
					Metal,
					"-weak_framework",
					MetalKit,
				);
				PRODUCT_BUNDLE_IDENTIFIER = com.nvssynthesis.shredverb;
				PRODUCT_NAME = shredverb;
				SKIP_INSTALL = YES;
				USE_HEADERMAP = NO;
				VALID_ARCHS = "i386 x86_64 arm64 arm64e";
			};
			name = Release;
		};
		60EE5C862E9137A8E024ADCC /* Debug */ = {
			isa = XCBuildConfiguration;
			buildSettings = {
				HEADER_SEARCH_PATHS = /Users/nicholassolem/development/gitstuff/nkvdu_libraries;
				LIBRARY_SEARCH_PATHS = /Users/nicholassolem/development/gitstuff/nkvdu_libraries;
				MACOSX_DEPLOYMENT_TARGET = 10.11;
				SDKROOT = macosx;
			};
			name = Debug;
		};
		63199CC65837CC57A7B46A84 /* Debug */ = {
			isa = XCBuildConfiguration;
			buildSettings = {
				CLANG_CXX_LANGUAGE_STANDARD = "c++17";
				CLANG_CXX_LIBRARY = "libc++";
				CLANG_LINK_OBJC_RUNTIME = NO;
				CODE_SIGN_IDENTITY = "";
				COMBINE_HIDPI_IMAGES = YES;
				CONFIGURATION_BUILD_DIR = "$(PROJECT_DIR)/build/$(CONFIGURATION)";
				COPY_PHASE_STRIP = NO;
				DEPLOYMENT_LOCATION = YES;
				DSTROOT = /;
				EXCLUDED_ARCHS = "";
				GCC_DYNAMIC_NO_PIC = NO;
				GCC_OPTIMIZATION_LEVEL = 0;
				GCC_PREPROCESSOR_DEFINITIONS = (
					"_DEBUG=1",
					"DEBUG=1",
					"JUCE_DISPLAY_SPLASH_SCREEN=1",
					"JUCE_USE_DARK_SPLASH_SCREEN=1",
					"JUCE_PROJUCER_VERSION=0x70002",
					"JUCE_MODULE_AVAILABLE_juce_audio_basics=1",
					"JUCE_MODULE_AVAILABLE_juce_audio_devices=1",
					"JUCE_MODULE_AVAILABLE_juce_audio_formats=1",
					"JUCE_MODULE_AVAILABLE_juce_audio_plugin_client=1",
					"JUCE_MODULE_AVAILABLE_juce_audio_processors=1",
					"JUCE_MODULE_AVAILABLE_juce_audio_utils=1",
					"JUCE_MODULE_AVAILABLE_juce_core=1",
					"JUCE_MODULE_AVAILABLE_juce_data_structures=1",
					"JUCE_MODULE_AVAILABLE_juce_events=1",
					"JUCE_MODULE_AVAILABLE_juce_graphics=1",
					"JUCE_MODULE_AVAILABLE_juce_gui_basics=1",
					"JUCE_MODULE_AVAILABLE_juce_gui_extra=1",
					"JUCE_GLOBAL_MODULE_SETTINGS_INCLUDED=1",
					"JUCE_VST3_CAN_REPLACE_VST2=0",
					"JUCE_STRICT_REFCOUNTEDPOINTER=1",
					"JucePlugin_Build_VST=0",
					"JucePlugin_Build_VST3=1",
					"JucePlugin_Build_AU=0",
					"JucePlugin_Build_AUv3=0",
					"JucePlugin_Build_AAX=0",
					"JucePlugin_Build_Standalone=0",
					"JucePlugin_Build_Unity=0",
					"JucePlugin_Build_LV2=0",
					"JucePlugin_Enable_IAA=0",
					"JucePlugin_Enable_ARA=0",
					"JucePlugin_Name=\\\"shredverb\\\"",
					"JucePlugin_Desc=\\\"shredverb\\\"",
					"JucePlugin_Manufacturer=\\\"nvssynthesis\\\"",
					"JucePlugin_ManufacturerWebsite=\\\"nvssynthesis.github.io\\\"",
					"JucePlugin_ManufacturerEmail=\\\"\\\"",
					"JucePlugin_ManufacturerCode=0x4d616e75",
					"JucePlugin_PluginCode=0x57366235",
					"JucePlugin_IsSynth=0",
					"JucePlugin_WantsMidiInput=0",
					"JucePlugin_ProducesMidiOutput=0",
					"JucePlugin_IsMidiEffect=0",
					"JucePlugin_EditorRequiresKeyboardFocus=0",
					"JucePlugin_Version=1.0.0",
					"JucePlugin_VersionCode=0x10000",
					"JucePlugin_VersionString=\\\"1.0.0\\\"",
					"JucePlugin_VSTUniqueID=JucePlugin_PluginCode",
					"JucePlugin_VSTCategory=kPlugCategEffect",
					"JucePlugin_Vst3Category=\\\"Fx|Delay|Distortion|Reverb\\\"",
					"JucePlugin_AUMainType=\\'aufx\\'",
					"JucePlugin_AUSubType=JucePlugin_PluginCode",
					"JucePlugin_AUExportPrefix=shredverbAU",
					"JucePlugin_AUExportPrefixQuoted=\\\"shredverbAU\\\"",
					"JucePlugin_AUManufacturerCode=JucePlugin_ManufacturerCode",
					"JucePlugin_CFBundleIdentifier=com.nvssynthesis.shredverb",
					"JucePlugin_AAXIdentifier=com.nvssynthesis.shredverb",
					"JucePlugin_AAXManufacturerCode=JucePlugin_ManufacturerCode",
					"JucePlugin_AAXProductId=JucePlugin_PluginCode",
					"JucePlugin_AAXCategory=0",
					"JucePlugin_AAXDisableBypass=0",
					"JucePlugin_AAXDisableMultiMono=0",
					"JucePlugin_IAAType=0x61757278",
					"JucePlugin_IAASubType=JucePlugin_PluginCode",
					"JucePlugin_IAAName=\\\"nvssynthesis:\\ shredverb\\\"",
					"JucePlugin_VSTNumMidiInputs=16",
					"JucePlugin_VSTNumMidiOutputs=16",
					"JucePlugin_ARAContentTypes=0",
					"JucePlugin_ARATransformationFlags=0",
					"JucePlugin_ARAFactoryID=\\\"com.nvssynthesis.shredverb.factory\\\"",
					"JucePlugin_ARADocumentArchiveID=\\\"com.nvssynthesis.shredverb.aradocumentarchive.1.0.0\\\"",
					"JucePlugin_ARACompatibleArchiveIDs=\\\"\\\"",
					"JUCE_STANDALONE_APPLICATION=JucePlugin_Build_Standalone",
					"JUCER_XCODE_MAC_F6D2F4CF=1",
					"JUCE_APP_VERSION=1.0.0",
					"JUCE_APP_VERSION_HEX=0x10000",
				);
				GCC_VERSION = com.apple.compilers.llvm.clang.1_0;
				GENERATE_PKGINFO_FILE = YES;
				HEADER_SEARCH_PATHS = (
					/Applications/JUCE/modules/juce_audio_processors/format_types/VST3_SDK,
					"$(SRCROOT)/../../JuceLibraryCode",
					/Applications/JUCE/modules,
					/Users/nicholassolem/development/gitstuff/nkvdu_libraries,
					/Applications/JUCE/modules/juce_audio_plugin_client,
					"$(inherited)",
				);
				INFOPLIST_FILE = "Info-VST3.plist";
				INFOPLIST_PREPROCESS = NO;
				INSTALL_PATH = "$(HOME)/Library/Audio/Plug-Ins/VST3/";
				LIBRARY_SEARCH_PATHS = (
					"$(inherited)",
					"\"/Users/nicholassolem/development/gitstuff/nkvdu_libraries\"",
				);
				LIBRARY_STYLE = Bundle;
				MACOSX_DEPLOYMENT_TARGET = 10.11;
				MTL_HEADER_SEARCH_PATHS = "/Applications/JUCE/modules/juce_audio_processors/format_types/VST3_SDK $(SRCROOT)/../../JuceLibraryCode /Applications/JUCE/modules /Users/nicholassolem/development/gitstuff/nkvdu_libraries /Applications/JUCE/modules/juce_audio_plugin_client";
				OTHER_LDFLAGS = (
					"-bundle",
					"-lshredverb",
					"-weak_framework",
					Metal,
					"-weak_framework",
					MetalKit,
				);
				PRODUCT_BUNDLE_IDENTIFIER = com.nvssynthesis.shredverb;
				PRODUCT_NAME = shredverb;
				USE_HEADERMAP = NO;
				VALID_ARCHS = "i386 x86_64 arm64 arm64e";
				WRAPPER_EXTENSION = vst3;
			};
			name = Debug;
		};
		67A118B05CCB301C6E7C9485 /* Debug */ = {
			isa = XCBuildConfiguration;
			buildSettings = {
				CLANG_CXX_LANGUAGE_STANDARD = "c++17";
				CLANG_CXX_LIBRARY = "libc++";
				CLANG_LINK_OBJC_RUNTIME = NO;
				CODE_SIGN_IDENTITY = "";
				COMBINE_HIDPI_IMAGES = YES;
				CONFIGURATION_BUILD_DIR = "$(PROJECT_DIR)/build/$(CONFIGURATION)";
				COPY_PHASE_STRIP = NO;
				EXCLUDED_ARCHS = "";
				GCC_DYNAMIC_NO_PIC = NO;
				GCC_OPTIMIZATION_LEVEL = 0;
				GCC_PREPROCESSOR_DEFINITIONS = (
					"_DEBUG=1",
					"DEBUG=1",
					"JUCE_DISPLAY_SPLASH_SCREEN=1",
					"JUCE_USE_DARK_SPLASH_SCREEN=1",
					"JUCE_PROJUCER_VERSION=0x70002",
					"JUCE_MODULE_AVAILABLE_juce_audio_basics=1",
					"JUCE_MODULE_AVAILABLE_juce_audio_devices=1",
					"JUCE_MODULE_AVAILABLE_juce_audio_formats=1",
					"JUCE_MODULE_AVAILABLE_juce_audio_plugin_client=1",
					"JUCE_MODULE_AVAILABLE_juce_audio_processors=1",
					"JUCE_MODULE_AVAILABLE_juce_audio_utils=1",
					"JUCE_MODULE_AVAILABLE_juce_core=1",
					"JUCE_MODULE_AVAILABLE_juce_data_structures=1",
					"JUCE_MODULE_AVAILABLE_juce_events=1",
					"JUCE_MODULE_AVAILABLE_juce_graphics=1",
					"JUCE_MODULE_AVAILABLE_juce_gui_basics=1",
					"JUCE_MODULE_AVAILABLE_juce_gui_extra=1",
					"JUCE_GLOBAL_MODULE_SETTINGS_INCLUDED=1",
					"JUCE_VST3_CAN_REPLACE_VST2=0",
					"JUCE_STRICT_REFCOUNTEDPOINTER=1",
					"JucePlugin_Build_VST=0",
					"JucePlugin_Build_VST3=0",
					"JucePlugin_Build_AU=0",
					"JucePlugin_Build_AUv3=0",
					"JucePlugin_Build_AAX=0",
					"JucePlugin_Build_Standalone=1",
					"JucePlugin_Build_Unity=0",
					"JucePlugin_Build_LV2=0",
					"JucePlugin_Enable_IAA=0",
					"JucePlugin_Enable_ARA=0",
					"JucePlugin_Name=\\\"shredverb\\\"",
					"JucePlugin_Desc=\\\"shredverb\\\"",
					"JucePlugin_Manufacturer=\\\"nvssynthesis\\\"",
					"JucePlugin_ManufacturerWebsite=\\\"nvssynthesis.github.io\\\"",
					"JucePlugin_ManufacturerEmail=\\\"\\\"",
					"JucePlugin_ManufacturerCode=0x4d616e75",
					"JucePlugin_PluginCode=0x57366235",
					"JucePlugin_IsSynth=0",
					"JucePlugin_WantsMidiInput=0",
					"JucePlugin_ProducesMidiOutput=0",
					"JucePlugin_IsMidiEffect=0",
					"JucePlugin_EditorRequiresKeyboardFocus=0",
					"JucePlugin_Version=1.0.0",
					"JucePlugin_VersionCode=0x10000",
					"JucePlugin_VersionString=\\\"1.0.0\\\"",
					"JucePlugin_VSTUniqueID=JucePlugin_PluginCode",
					"JucePlugin_VSTCategory=kPlugCategEffect",
					"JucePlugin_Vst3Category=\\\"Fx|Delay|Distortion|Reverb\\\"",
					"JucePlugin_AUMainType=\\'aufx\\'",
					"JucePlugin_AUSubType=JucePlugin_PluginCode",
					"JucePlugin_AUExportPrefix=shredverbAU",
					"JucePlugin_AUExportPrefixQuoted=\\\"shredverbAU\\\"",
					"JucePlugin_AUManufacturerCode=JucePlugin_ManufacturerCode",
					"JucePlugin_CFBundleIdentifier=com.nvssynthesis.shredverb",
					"JucePlugin_AAXIdentifier=com.nvssynthesis.shredverb",
					"JucePlugin_AAXManufacturerCode=JucePlugin_ManufacturerCode",
					"JucePlugin_AAXProductId=JucePlugin_PluginCode",
					"JucePlugin_AAXCategory=0",
					"JucePlugin_AAXDisableBypass=0",
					"JucePlugin_AAXDisableMultiMono=0",
					"JucePlugin_IAAType=0x61757278",
					"JucePlugin_IAASubType=JucePlugin_PluginCode",
					"JucePlugin_IAAName=\\\"nvssynthesis:\\ shredverb\\\"",
					"JucePlugin_VSTNumMidiInputs=16",
					"JucePlugin_VSTNumMidiOutputs=16",
					"JucePlugin_ARAContentTypes=0",
					"JucePlugin_ARATransformationFlags=0",
					"JucePlugin_ARAFactoryID=\\\"com.nvssynthesis.shredverb.factory\\\"",
					"JucePlugin_ARADocumentArchiveID=\\\"com.nvssynthesis.shredverb.aradocumentarchive.1.0.0\\\"",
					"JucePlugin_ARACompatibleArchiveIDs=\\\"\\\"",
					"JUCE_STANDALONE_APPLICATION=JucePlugin_Build_Standalone",
					"JUCER_XCODE_MAC_F6D2F4CF=1",
					"JUCE_APP_VERSION=1.0.0",
					"JUCE_APP_VERSION_HEX=0x10000",
				);
				GCC_VERSION = com.apple.compilers.llvm.clang.1_0;
				HEADER_SEARCH_PATHS = (
					/Applications/JUCE/modules/juce_audio_processors/format_types/VST3_SDK,
					"$(SRCROOT)/../../JuceLibraryCode",
					/Applications/JUCE/modules,
					/Users/nicholassolem/development/gitstuff/nkvdu_libraries,
					/Applications/JUCE/modules/juce_audio_plugin_client,
					"$(inherited)",
				);
				INFOPLIST_FILE = "Info-Standalone_Plugin.plist";
				INFOPLIST_PREPROCESS = NO;
				LIBRARY_SEARCH_PATHS = (
					"$(inherited)",
					"\"/Users/nicholassolem/development/gitstuff/nkvdu_libraries\"",
				);
				MACOSX_DEPLOYMENT_TARGET = 10.11;
				MTL_HEADER_SEARCH_PATHS = "/Applications/JUCE/modules/juce_audio_processors/format_types/VST3_SDK $(SRCROOT)/../../JuceLibraryCode /Applications/JUCE/modules /Users/nicholassolem/development/gitstuff/nkvdu_libraries /Applications/JUCE/modules/juce_audio_plugin_client";
				OTHER_LDFLAGS = (
					"-weak_framework",
					"-lshredverb",
					Metal,
					"-weak_framework",
					MetalKit,
				);
				PRODUCT_BUNDLE_IDENTIFIER = com.nvssynthesis.shredverb;
				PRODUCT_NAME = shredverb;
				USE_HEADERMAP = NO;
				VALID_ARCHS = "i386 x86_64 arm64 arm64e";
			};
			name = Debug;
		};
		76A0F888CDF28FC76EBCACB5 /* Release */ = {
			isa = XCBuildConfiguration;
			buildSettings = {
				HEADER_SEARCH_PATHS = /Users/nicholassolem/development/gitstuff/nkvdu_libraries;
				LIBRARY_SEARCH_PATHS = /Users/nicholassolem/development/gitstuff/nkvdu_libraries;
				MACOSX_DEPLOYMENT_TARGET = 10.11;
				SDKROOT = macosx;
			};
			name = Release;
		};
		83E7D59EA8CA4EBC5D667696 /* Release */ = {
			isa = XCBuildConfiguration;
			buildSettings = {
				ALWAYS_SEARCH_USER_PATHS = NO;
				CLANG_ENABLE_OBJC_WEAK = YES;
				CLANG_WARN_BLOCK_CAPTURE_AUTORELEASING = YES;
				CLANG_WARN_BOOL_CONVERSION = YES;
				CLANG_WARN_COMMA = YES;
				CLANG_WARN_CONSTANT_CONVERSION = YES;
				CLANG_WARN_DEPRECATED_OBJC_IMPLEMENTATIONS = YES;
				CLANG_WARN_EMPTY_BODY = YES;
				CLANG_WARN_ENUM_CONVERSION = YES;
				CLANG_WARN_INFINITE_RECURSION = YES;
				CLANG_WARN_INT_CONVERSION = YES;
				CLANG_WARN_NON_LITERAL_NULL_CONVERSION = YES;
				CLANG_WARN_OBJC_IMPLICIT_RETAIN_SELF = YES;
				CLANG_WARN_OBJC_LITERAL_CONVERSION = YES;
				CLANG_WARN_RANGE_LOOP_ANALYSIS = YES;
				CLANG_WARN_STRICT_PROTOTYPES = YES;
				CLANG_WARN_SUSPICIOUS_MOVE = YES;
				CLANG_WARN_UNREACHABLE_CODE = YES;
				CLANG_WARN__DUPLICATE_METHOD_MATCH = YES;
				CODE_SIGN_IDENTITY = "";
				DEBUG_INFORMATION_FORMAT = dwarf;
				ENABLE_STRICT_OBJC_MSGSEND = YES;
				ENABLE_TESTABILITY = NO;
				GCC_C_LANGUAGE_STANDARD = c11;
				GCC_INLINES_ARE_PRIVATE_EXTERN = YES;
				GCC_MODEL_TUNING = G5;
				GCC_NO_COMMON_BLOCKS = YES;
				GCC_SYMBOLS_PRIVATE_EXTERN = YES;
				GCC_WARN_64_TO_32_BIT_CONVERSION = YES;
				GCC_WARN_ABOUT_RETURN_TYPE = YES;
				GCC_WARN_CHECK_SWITCH_STATEMENTS = YES;
				GCC_WARN_MISSING_PARENTHESES = YES;
				GCC_WARN_NON_VIRTUAL_DESTRUCTOR = YES;
				GCC_WARN_TYPECHECK_CALLS_TO_PRINTF = YES;
				GCC_WARN_UNDECLARED_SELECTOR = YES;
				GCC_WARN_UNINITIALIZED_AUTOS = YES;
				GCC_WARN_UNUSED_FUNCTION = YES;
				GCC_WARN_UNUSED_VARIABLE = YES;
				PRODUCT_NAME = shredverb;
				SDKROOT = macosx;
				WARNING_CFLAGS = "-Wreorder";
				ZERO_LINK = NO;
			};
			name = Release;
		};
		9DDC2EFD90648C34558D8459 /* Debug */ = {
			isa = XCBuildConfiguration;
			buildSettings = {
				CLANG_CXX_LANGUAGE_STANDARD = "c++17";
				CLANG_CXX_LIBRARY = "libc++";
				CLANG_LINK_OBJC_RUNTIME = NO;
				CODE_SIGN_IDENTITY = "";
				COMBINE_HIDPI_IMAGES = YES;
				CONFIGURATION_BUILD_DIR = "$(PROJECT_DIR)/build/$(CONFIGURATION)";
				COPY_PHASE_STRIP = NO;
				EXCLUDED_ARCHS = "";
				GCC_DYNAMIC_NO_PIC = NO;
				GCC_OPTIMIZATION_LEVEL = 0;
				GCC_PREPROCESSOR_DEFINITIONS = (
					"_DEBUG=1",
					"DEBUG=1",
					"JUCE_DISPLAY_SPLASH_SCREEN=1",
					"JUCE_USE_DARK_SPLASH_SCREEN=1",
					"JUCE_PROJUCER_VERSION=0x70002",
					"JUCE_MODULE_AVAILABLE_juce_audio_basics=1",
					"JUCE_MODULE_AVAILABLE_juce_audio_devices=1",
					"JUCE_MODULE_AVAILABLE_juce_audio_formats=1",
					"JUCE_MODULE_AVAILABLE_juce_audio_plugin_client=1",
					"JUCE_MODULE_AVAILABLE_juce_audio_processors=1",
					"JUCE_MODULE_AVAILABLE_juce_audio_utils=1",
					"JUCE_MODULE_AVAILABLE_juce_core=1",
					"JUCE_MODULE_AVAILABLE_juce_data_structures=1",
					"JUCE_MODULE_AVAILABLE_juce_events=1",
					"JUCE_MODULE_AVAILABLE_juce_graphics=1",
					"JUCE_MODULE_AVAILABLE_juce_gui_basics=1",
					"JUCE_MODULE_AVAILABLE_juce_gui_extra=1",
					"JUCE_GLOBAL_MODULE_SETTINGS_INCLUDED=1",
					"JUCE_VST3_CAN_REPLACE_VST2=0",
					"JUCE_STRICT_REFCOUNTEDPOINTER=1",
					"JucePlugin_Build_VST=0",
					"JucePlugin_Build_VST3=1",
					"JucePlugin_Build_AU=1",
					"JucePlugin_Build_AUv3=0",
					"JucePlugin_Build_AAX=0",
					"JucePlugin_Build_Standalone=1",
					"JucePlugin_Build_Unity=0",
					"JucePlugin_Build_LV2=0",
					"JucePlugin_Enable_IAA=0",
					"JucePlugin_Enable_ARA=0",
					"JucePlugin_Name=\\\"shredverb\\\"",
					"JucePlugin_Desc=\\\"shredverb\\\"",
					"JucePlugin_Manufacturer=\\\"nvssynthesis\\\"",
					"JucePlugin_ManufacturerWebsite=\\\"nvssynthesis.github.io\\\"",
					"JucePlugin_ManufacturerEmail=\\\"\\\"",
					"JucePlugin_ManufacturerCode=0x4d616e75",
					"JucePlugin_PluginCode=0x57366235",
					"JucePlugin_IsSynth=0",
					"JucePlugin_WantsMidiInput=0",
					"JucePlugin_ProducesMidiOutput=0",
					"JucePlugin_IsMidiEffect=0",
					"JucePlugin_EditorRequiresKeyboardFocus=0",
					"JucePlugin_Version=1.0.0",
					"JucePlugin_VersionCode=0x10000",
					"JucePlugin_VersionString=\\\"1.0.0\\\"",
					"JucePlugin_VSTUniqueID=JucePlugin_PluginCode",
					"JucePlugin_VSTCategory=kPlugCategEffect",
					"JucePlugin_Vst3Category=\\\"Fx|Delay|Distortion|Reverb\\\"",
					"JucePlugin_AUMainType=\\'aufx\\'",
					"JucePlugin_AUSubType=JucePlugin_PluginCode",
					"JucePlugin_AUExportPrefix=shredverbAU",
					"JucePlugin_AUExportPrefixQuoted=\\\"shredverbAU\\\"",
					"JucePlugin_AUManufacturerCode=JucePlugin_ManufacturerCode",
					"JucePlugin_CFBundleIdentifier=com.nvssynthesis.shredverb",
					"JucePlugin_AAXIdentifier=com.nvssynthesis.shredverb",
					"JucePlugin_AAXManufacturerCode=JucePlugin_ManufacturerCode",
					"JucePlugin_AAXProductId=JucePlugin_PluginCode",
					"JucePlugin_AAXCategory=0",
					"JucePlugin_AAXDisableBypass=0",
					"JucePlugin_AAXDisableMultiMono=0",
					"JucePlugin_IAAType=0x61757278",
					"JucePlugin_IAASubType=JucePlugin_PluginCode",
					"JucePlugin_IAAName=\\\"nvssynthesis:\\ shredverb\\\"",
					"JucePlugin_VSTNumMidiInputs=16",
					"JucePlugin_VSTNumMidiOutputs=16",
					"JucePlugin_ARAContentTypes=0",
					"JucePlugin_ARATransformationFlags=0",
					"JucePlugin_ARAFactoryID=\\\"com.nvssynthesis.shredverb.factory\\\"",
					"JucePlugin_ARADocumentArchiveID=\\\"com.nvssynthesis.shredverb.aradocumentarchive.1.0.0\\\"",
					"JucePlugin_ARACompatibleArchiveIDs=\\\"\\\"",
					"JUCE_STANDALONE_APPLICATION=JucePlugin_Build_Standalone",
					"JUCER_XCODE_MAC_F6D2F4CF=1",
					"JUCE_APP_VERSION=1.0.0",
					"JUCE_APP_VERSION_HEX=0x10000",
					"JUCE_SHARED_CODE=1",
				);
				GCC_VERSION = com.apple.compilers.llvm.clang.1_0;
				HEADER_SEARCH_PATHS = (
					/Applications/JUCE/modules/juce_audio_processors/format_types/VST3_SDK,
					"$(SRCROOT)/../../JuceLibraryCode",
					/Applications/JUCE/modules,
					/Users/nicholassolem/development/gitstuff/nkvdu_libraries,
					/Applications/JUCE/modules/juce_audio_plugin_client,
					"$(inherited)",
				);
				INSTALL_PATH = "@executable_path/../Frameworks";
				LIBRARY_SEARCH_PATHS = (
					"$(inherited)",
					"\"/Users/nicholassolem/development/gitstuff/nkvdu_libraries\"",
				);
				MACOSX_DEPLOYMENT_TARGET = 10.11;
				MTL_HEADER_SEARCH_PATHS = "/Applications/JUCE/modules/juce_audio_processors/format_types/VST3_SDK $(SRCROOT)/../../JuceLibraryCode /Applications/JUCE/modules /Users/nicholassolem/development/gitstuff/nkvdu_libraries /Applications/JUCE/modules/juce_audio_plugin_client";
				OTHER_LDFLAGS = (
					"-weak_framework",
					"-lshredverb",
					Metal,
					"-weak_framework",
					MetalKit,
				);
				PRODUCT_BUNDLE_IDENTIFIER = com.nvssynthesis.shredverb;
				PRODUCT_NAME = shredverb;
				SKIP_INSTALL = YES;
				USE_HEADERMAP = NO;
				VALID_ARCHS = "i386 x86_64 arm64 arm64e";
			};
			name = Debug;
		};
		A3AF6FA35D188210620A83DA /* Debug */ = {
			isa = XCBuildConfiguration;
			buildSettings = {
				ALWAYS_SEARCH_USER_PATHS = NO;
				CLANG_ENABLE_OBJC_WEAK = YES;
				CLANG_WARN_BLOCK_CAPTURE_AUTORELEASING = YES;
				CLANG_WARN_BOOL_CONVERSION = YES;
				CLANG_WARN_COMMA = YES;
				CLANG_WARN_CONSTANT_CONVERSION = YES;
				CLANG_WARN_DEPRECATED_OBJC_IMPLEMENTATIONS = YES;
				CLANG_WARN_EMPTY_BODY = YES;
				CLANG_WARN_ENUM_CONVERSION = YES;
				CLANG_WARN_INFINITE_RECURSION = YES;
				CLANG_WARN_INT_CONVERSION = YES;
				CLANG_WARN_NON_LITERAL_NULL_CONVERSION = YES;
				CLANG_WARN_OBJC_IMPLICIT_RETAIN_SELF = YES;
				CLANG_WARN_OBJC_LITERAL_CONVERSION = YES;
				CLANG_WARN_RANGE_LOOP_ANALYSIS = YES;
				CLANG_WARN_STRICT_PROTOTYPES = YES;
				CLANG_WARN_SUSPICIOUS_MOVE = YES;
				CLANG_WARN_UNREACHABLE_CODE = YES;
				CLANG_WARN__DUPLICATE_METHOD_MATCH = YES;
				CODE_SIGN_IDENTITY = "";
				DEBUG_INFORMATION_FORMAT = dwarf;
				ENABLE_STRICT_OBJC_MSGSEND = YES;
				ENABLE_TESTABILITY = NO;
				GCC_C_LANGUAGE_STANDARD = c11;
				GCC_INLINES_ARE_PRIVATE_EXTERN = YES;
				GCC_MODEL_TUNING = G5;
				GCC_NO_COMMON_BLOCKS = YES;
				GCC_SYMBOLS_PRIVATE_EXTERN = YES;
				GCC_WARN_64_TO_32_BIT_CONVERSION = YES;
				GCC_WARN_ABOUT_RETURN_TYPE = YES;
				GCC_WARN_CHECK_SWITCH_STATEMENTS = YES;
				GCC_WARN_MISSING_PARENTHESES = YES;
				GCC_WARN_NON_VIRTUAL_DESTRUCTOR = YES;
				GCC_WARN_TYPECHECK_CALLS_TO_PRINTF = YES;
				GCC_WARN_UNDECLARED_SELECTOR = YES;
				GCC_WARN_UNINITIALIZED_AUTOS = YES;
				GCC_WARN_UNUSED_FUNCTION = YES;
				GCC_WARN_UNUSED_VARIABLE = YES;
				ONLY_ACTIVE_ARCH = YES;
				PRODUCT_NAME = shredverb;
				SDKROOT = macosx;
				WARNING_CFLAGS = "-Wreorder";
				ZERO_LINK = NO;
			};
			name = Debug;
		};
		B84A29370F0B5D1392A64AAB /* Release */ = {
			isa = XCBuildConfiguration;
			buildSettings = {
				CLANG_CXX_LANGUAGE_STANDARD = "c++17";
				CLANG_CXX_LIBRARY = "libc++";
				CLANG_LINK_OBJC_RUNTIME = NO;
				CODE_SIGN_IDENTITY = "";
				COMBINE_HIDPI_IMAGES = YES;
				CONFIGURATION_BUILD_DIR = "$(PROJECT_DIR)/build/$(CONFIGURATION)";
				DEAD_CODE_STRIPPING = YES;
				DEPLOYMENT_LOCATION = YES;
				DSTROOT = /;
				EXCLUDED_ARCHS = "";
				GCC_GENERATE_DEBUGGING_SYMBOLS = NO;
				GCC_OPTIMIZATION_LEVEL = 3;
				GCC_PREPROCESSOR_DEFINITIONS = (
					"_NDEBUG=1",
					"NDEBUG=1",
					"JUCE_DISPLAY_SPLASH_SCREEN=1",
					"JUCE_USE_DARK_SPLASH_SCREEN=1",
					"JUCE_PROJUCER_VERSION=0x70002",
					"JUCE_MODULE_AVAILABLE_juce_audio_basics=1",
					"JUCE_MODULE_AVAILABLE_juce_audio_devices=1",
					"JUCE_MODULE_AVAILABLE_juce_audio_formats=1",
					"JUCE_MODULE_AVAILABLE_juce_audio_plugin_client=1",
					"JUCE_MODULE_AVAILABLE_juce_audio_processors=1",
					"JUCE_MODULE_AVAILABLE_juce_audio_utils=1",
					"JUCE_MODULE_AVAILABLE_juce_core=1",
					"JUCE_MODULE_AVAILABLE_juce_data_structures=1",
					"JUCE_MODULE_AVAILABLE_juce_events=1",
					"JUCE_MODULE_AVAILABLE_juce_graphics=1",
					"JUCE_MODULE_AVAILABLE_juce_gui_basics=1",
					"JUCE_MODULE_AVAILABLE_juce_gui_extra=1",
					"JUCE_GLOBAL_MODULE_SETTINGS_INCLUDED=1",
					"JUCE_VST3_CAN_REPLACE_VST2=0",
					"JUCE_STRICT_REFCOUNTEDPOINTER=1",
					"JucePlugin_Build_VST=0",
					"JucePlugin_Build_VST3=0",
					"JucePlugin_Build_AU=1",
					"JucePlugin_Build_AUv3=0",
					"JucePlugin_Build_AAX=0",
					"JucePlugin_Build_Standalone=0",
					"JucePlugin_Build_Unity=0",
					"JucePlugin_Build_LV2=0",
					"JucePlugin_Enable_IAA=0",
					"JucePlugin_Enable_ARA=0",
					"JucePlugin_Name=\\\"shredverb\\\"",
					"JucePlugin_Desc=\\\"shredverb\\\"",
					"JucePlugin_Manufacturer=\\\"nvssynthesis\\\"",
					"JucePlugin_ManufacturerWebsite=\\\"nvssynthesis.github.io\\\"",
					"JucePlugin_ManufacturerEmail=\\\"\\\"",
					"JucePlugin_ManufacturerCode=0x4d616e75",
					"JucePlugin_PluginCode=0x57366235",
					"JucePlugin_IsSynth=0",
					"JucePlugin_WantsMidiInput=0",
					"JucePlugin_ProducesMidiOutput=0",
					"JucePlugin_IsMidiEffect=0",
					"JucePlugin_EditorRequiresKeyboardFocus=0",
					"JucePlugin_Version=1.0.0",
					"JucePlugin_VersionCode=0x10000",
					"JucePlugin_VersionString=\\\"1.0.0\\\"",
					"JucePlugin_VSTUniqueID=JucePlugin_PluginCode",
					"JucePlugin_VSTCategory=kPlugCategEffect",
					"JucePlugin_Vst3Category=\\\"Fx|Delay|Distortion|Reverb\\\"",
					"JucePlugin_AUMainType=\\'aufx\\'",
					"JucePlugin_AUSubType=JucePlugin_PluginCode",
					"JucePlugin_AUExportPrefix=shredverbAU",
					"JucePlugin_AUExportPrefixQuoted=\\\"shredverbAU\\\"",
					"JucePlugin_AUManufacturerCode=JucePlugin_ManufacturerCode",
					"JucePlugin_CFBundleIdentifier=com.nvssynthesis.shredverb",
					"JucePlugin_AAXIdentifier=com.nvssynthesis.shredverb",
					"JucePlugin_AAXManufacturerCode=JucePlugin_ManufacturerCode",
					"JucePlugin_AAXProductId=JucePlugin_PluginCode",
					"JucePlugin_AAXCategory=0",
					"JucePlugin_AAXDisableBypass=0",
					"JucePlugin_AAXDisableMultiMono=0",
					"JucePlugin_IAAType=0x61757278",
					"JucePlugin_IAASubType=JucePlugin_PluginCode",
					"JucePlugin_IAAName=\\\"nvssynthesis:\\ shredverb\\\"",
					"JucePlugin_VSTNumMidiInputs=16",
					"JucePlugin_VSTNumMidiOutputs=16",
					"JucePlugin_ARAContentTypes=0",
					"JucePlugin_ARATransformationFlags=0",
					"JucePlugin_ARAFactoryID=\\\"com.nvssynthesis.shredverb.factory\\\"",
					"JucePlugin_ARADocumentArchiveID=\\\"com.nvssynthesis.shredverb.aradocumentarchive.1.0.0\\\"",
					"JucePlugin_ARACompatibleArchiveIDs=\\\"\\\"",
					"JUCE_STANDALONE_APPLICATION=JucePlugin_Build_Standalone",
					"JUCER_XCODE_MAC_F6D2F4CF=1",
					"JUCE_APP_VERSION=1.0.0",
					"JUCE_APP_VERSION_HEX=0x10000",
				);
				GCC_VERSION = com.apple.compilers.llvm.clang.1_0;
				GENERATE_PKGINFO_FILE = YES;
				HEADER_SEARCH_PATHS = (
					/Applications/JUCE/modules/juce_audio_processors/format_types/VST3_SDK,
					"$(SRCROOT)/../../JuceLibraryCode",
					/Applications/JUCE/modules,
					/Users/nicholassolem/development/gitstuff/nkvdu_libraries,
					/Applications/JUCE/modules/juce_audio_plugin_client,
					"$(inherited)",
				);
				INFOPLIST_FILE = "Info-AU.plist";
				INFOPLIST_PREPROCESS = NO;
				INSTALL_PATH = "$(HOME)/Library/Audio/Plug-Ins/Components/";
				LIBRARY_SEARCH_PATHS = (
					"$(inherited)",
					"\"/Users/nicholassolem/development/gitstuff/nkvdu_libraries\"",
				);
				LIBRARY_STYLE = Bundle;
				LLVM_LTO = YES;
				MACOSX_DEPLOYMENT_TARGET = 10.11;
				MTL_HEADER_SEARCH_PATHS = "/Applications/JUCE/modules/juce_audio_processors/format_types/VST3_SDK $(SRCROOT)/../../JuceLibraryCode /Applications/JUCE/modules /Users/nicholassolem/development/gitstuff/nkvdu_libraries /Applications/JUCE/modules/juce_audio_plugin_client";
				OTHER_LDFLAGS = (
					"-bundle",
					"-lshredverb",
					"-weak_framework",
					Metal,
					"-weak_framework",
					MetalKit,
				);
				OTHER_REZFLAGS = "-d ppc_$ppc -d i386_$i386 -d ppc64_$ppc64 -d x86_64_$x86_64 -d arm64_$arm64 -I /System/Library/Frameworks/CoreServices.framework/Frameworks/CarbonCore.framework/Versions/A/Headers -I \"$(DEVELOPER_DIR)/Extras/CoreAudio/AudioUnits/AUPublic/AUBase\" -I \"$(DEVELOPER_DIR)/Platforms/MacOSX.platform/Developer/SDKs/MacOSX.sdk/System/Library/Frameworks/AudioUnit.framework/Headers\"";
				PRODUCT_BUNDLE_IDENTIFIER = com.nvssynthesis.shredverb;
				PRODUCT_NAME = shredverb;
				USE_HEADERMAP = NO;
				VALID_ARCHS = "i386 x86_64 arm64 arm64e";
				WRAPPER_EXTENSION = component;
			};
			name = Release;
		};
		BCA4F72681BCA4E38430CB21 /* Release */ = {
			isa = XCBuildConfiguration;
			buildSettings = {
				CLANG_CXX_LANGUAGE_STANDARD = "c++17";
				CLANG_CXX_LIBRARY = "libc++";
				CLANG_LINK_OBJC_RUNTIME = NO;
				CODE_SIGN_IDENTITY = "";
				COMBINE_HIDPI_IMAGES = YES;
				CONFIGURATION_BUILD_DIR = "$(PROJECT_DIR)/build/$(CONFIGURATION)";
				DEAD_CODE_STRIPPING = YES;
				EXCLUDED_ARCHS = "";
				GCC_GENERATE_DEBUGGING_SYMBOLS = NO;
				GCC_OPTIMIZATION_LEVEL = 3;
				GCC_PREPROCESSOR_DEFINITIONS = (
					"_NDEBUG=1",
					"NDEBUG=1",
					"JUCE_DISPLAY_SPLASH_SCREEN=1",
					"JUCE_USE_DARK_SPLASH_SCREEN=1",
					"JUCE_PROJUCER_VERSION=0x70002",
					"JUCE_MODULE_AVAILABLE_juce_audio_basics=1",
					"JUCE_MODULE_AVAILABLE_juce_audio_devices=1",
					"JUCE_MODULE_AVAILABLE_juce_audio_formats=1",
					"JUCE_MODULE_AVAILABLE_juce_audio_plugin_client=1",
					"JUCE_MODULE_AVAILABLE_juce_audio_processors=1",
					"JUCE_MODULE_AVAILABLE_juce_audio_utils=1",
					"JUCE_MODULE_AVAILABLE_juce_core=1",
					"JUCE_MODULE_AVAILABLE_juce_data_structures=1",
					"JUCE_MODULE_AVAILABLE_juce_events=1",
					"JUCE_MODULE_AVAILABLE_juce_graphics=1",
					"JUCE_MODULE_AVAILABLE_juce_gui_basics=1",
					"JUCE_MODULE_AVAILABLE_juce_gui_extra=1",
					"JUCE_GLOBAL_MODULE_SETTINGS_INCLUDED=1",
					"JUCE_VST3_CAN_REPLACE_VST2=0",
					"JUCE_STRICT_REFCOUNTEDPOINTER=1",
					"JucePlugin_Build_VST=0",
					"JucePlugin_Build_VST3=0",
					"JucePlugin_Build_AU=0",
					"JucePlugin_Build_AUv3=0",
					"JucePlugin_Build_AAX=0",
					"JucePlugin_Build_Standalone=1",
					"JucePlugin_Build_Unity=0",
					"JucePlugin_Build_LV2=0",
					"JucePlugin_Enable_IAA=0",
					"JucePlugin_Enable_ARA=0",
					"JucePlugin_Name=\\\"shredverb\\\"",
					"JucePlugin_Desc=\\\"shredverb\\\"",
					"JucePlugin_Manufacturer=\\\"nvssynthesis\\\"",
					"JucePlugin_ManufacturerWebsite=\\\"nvssynthesis.github.io\\\"",
					"JucePlugin_ManufacturerEmail=\\\"\\\"",
					"JucePlugin_ManufacturerCode=0x4d616e75",
					"JucePlugin_PluginCode=0x57366235",
					"JucePlugin_IsSynth=0",
					"JucePlugin_WantsMidiInput=0",
					"JucePlugin_ProducesMidiOutput=0",
					"JucePlugin_IsMidiEffect=0",
					"JucePlugin_EditorRequiresKeyboardFocus=0",
					"JucePlugin_Version=1.0.0",
					"JucePlugin_VersionCode=0x10000",
					"JucePlugin_VersionString=\\\"1.0.0\\\"",
					"JucePlugin_VSTUniqueID=JucePlugin_PluginCode",
					"JucePlugin_VSTCategory=kPlugCategEffect",
					"JucePlugin_Vst3Category=\\\"Fx|Delay|Distortion|Reverb\\\"",
					"JucePlugin_AUMainType=\\'aufx\\'",
					"JucePlugin_AUSubType=JucePlugin_PluginCode",
					"JucePlugin_AUExportPrefix=shredverbAU",
					"JucePlugin_AUExportPrefixQuoted=\\\"shredverbAU\\\"",
					"JucePlugin_AUManufacturerCode=JucePlugin_ManufacturerCode",
					"JucePlugin_CFBundleIdentifier=com.nvssynthesis.shredverb",
					"JucePlugin_AAXIdentifier=com.nvssynthesis.shredverb",
					"JucePlugin_AAXManufacturerCode=JucePlugin_ManufacturerCode",
					"JucePlugin_AAXProductId=JucePlugin_PluginCode",
					"JucePlugin_AAXCategory=0",
					"JucePlugin_AAXDisableBypass=0",
					"JucePlugin_AAXDisableMultiMono=0",
					"JucePlugin_IAAType=0x61757278",
					"JucePlugin_IAASubType=JucePlugin_PluginCode",
					"JucePlugin_IAAName=\\\"nvssynthesis:\\ shredverb\\\"",
					"JucePlugin_VSTNumMidiInputs=16",
					"JucePlugin_VSTNumMidiOutputs=16",
					"JucePlugin_ARAContentTypes=0",
					"JucePlugin_ARATransformationFlags=0",
					"JucePlugin_ARAFactoryID=\\\"com.nvssynthesis.shredverb.factory\\\"",
					"JucePlugin_ARADocumentArchiveID=\\\"com.nvssynthesis.shredverb.aradocumentarchive.1.0.0\\\"",
					"JucePlugin_ARACompatibleArchiveIDs=\\\"\\\"",
					"JUCE_STANDALONE_APPLICATION=JucePlugin_Build_Standalone",
					"JUCER_XCODE_MAC_F6D2F4CF=1",
					"JUCE_APP_VERSION=1.0.0",
					"JUCE_APP_VERSION_HEX=0x10000",
				);
				GCC_VERSION = com.apple.compilers.llvm.clang.1_0;
				HEADER_SEARCH_PATHS = (
					/Applications/JUCE/modules/juce_audio_processors/format_types/VST3_SDK,
					"$(SRCROOT)/../../JuceLibraryCode",
					/Applications/JUCE/modules,
					/Users/nicholassolem/development/gitstuff/nkvdu_libraries,
					/Applications/JUCE/modules/juce_audio_plugin_client,
					"$(inherited)",
				);
				INFOPLIST_FILE = "Info-Standalone_Plugin.plist";
				INFOPLIST_PREPROCESS = NO;
				LIBRARY_SEARCH_PATHS = (
					"$(inherited)",
					"\"/Users/nicholassolem/development/gitstuff/nkvdu_libraries\"",
				);
				LLVM_LTO = YES;
				MACOSX_DEPLOYMENT_TARGET = 10.11;
				MTL_HEADER_SEARCH_PATHS = "/Applications/JUCE/modules/juce_audio_processors/format_types/VST3_SDK $(SRCROOT)/../../JuceLibraryCode /Applications/JUCE/modules /Users/nicholassolem/development/gitstuff/nkvdu_libraries /Applications/JUCE/modules/juce_audio_plugin_client";
				OTHER_LDFLAGS = (
					"-weak_framework",
					"-lshredverb",
					Metal,
					"-weak_framework",
					MetalKit,
				);
				PRODUCT_BUNDLE_IDENTIFIER = com.nvssynthesis.shredverb;
				PRODUCT_NAME = shredverb;
				USE_HEADERMAP = NO;
				VALID_ARCHS = "i386 x86_64 arm64 arm64e";
			};
			name = Release;
		};
/* End XCBuildConfiguration section */

/* Begin XCConfigurationList section */
		129B9A5D30F0C4DB2EA0C1A0 /* Build configuration list for PBXNativeTarget "shredverb - VST3" */ = {
			isa = XCConfigurationList;
			buildConfigurations = (
				63199CC65837CC57A7B46A84 /* Debug */,
				2C3299644AF8829A90591EAA /* Release */,
			);
			defaultConfigurationIsVisible = 0;
			defaultConfigurationName = Debug;
		};
		40465E3CC6A3E232970C74FB /* Build configuration list for PBXNativeTarget "shredverb - AU" */ = {
			isa = XCConfigurationList;
			buildConfigurations = (
				299EDC72BEF74378BA9FE30C /* Debug */,
				B84A29370F0B5D1392A64AAB /* Release */,
			);
			defaultConfigurationIsVisible = 0;
			defaultConfigurationName = Debug;
		};
		4152761531AF15330B2CD0AC /* Build configuration list for PBXProject "shredverb" */ = {
			isa = XCConfigurationList;
			buildConfigurations = (
				83E7D59EA8CA4EBC5D667696 /* Release */,
				A3AF6FA35D188210620A83DA /* Debug */,
			);
			defaultConfigurationIsVisible = 0;
			defaultConfigurationName = Debug;
		};
		481101DCF2F0A8D7FEAF19F6 /* Build configuration list for PBXNativeTarget "shredverb - Shared Code" */ = {
			isa = XCConfigurationList;
			buildConfigurations = (
				9DDC2EFD90648C34558D8459 /* Debug */,
				5F15E6C378BED07FB5C1A758 /* Release */,
			);
			defaultConfigurationIsVisible = 0;
			defaultConfigurationName = Debug;
		};
		65CD1FA4E781EB83D032B01E /* Build configuration list for PBXAggregateTarget "shredverb - All" */ = {
			isa = XCConfigurationList;
			buildConfigurations = (
				60EE5C862E9137A8E024ADCC /* Debug */,
				76A0F888CDF28FC76EBCACB5 /* Release */,
			);
			defaultConfigurationIsVisible = 0;
			defaultConfigurationName = Debug;
		};
		E7FDC6D8BE21C077247AE8FE /* Build configuration list for PBXNativeTarget "shredverb - Standalone Plugin" */ = {
			isa = XCConfigurationList;
			buildConfigurations = (
				67A118B05CCB301C6E7C9485 /* Debug */,
				BCA4F72681BCA4E38430CB21 /* Release */,
			);
			defaultConfigurationIsVisible = 0;
			defaultConfigurationName = Debug;
		};
/* End XCConfigurationList section */
	};
	rootObject = 7038CD826D71CD0BC8DF003C /* Project object */;
}
